// !$*UTF8*$!
{
	archiveVersion = 1;
	classes = {
	};
	objectVersion = 56;
	objects = {

/* Begin PBXBuildFile section */
		844CF22A29B5DA6C00389DBD /* HTTPClient.swift in Sources */ = {isa = PBXBuildFile; fileRef = 844CF22829B5DA6C00389DBD /* HTTPClient.swift */; };
		844CF22B29B5DA6C00389DBD /* TokenService.swift in Sources */ = {isa = PBXBuildFile; fileRef = 844CF22929B5DA6C00389DBD /* TokenService.swift */; };
		84A9B2BF298434C000F96E01 /* AudioRoomsApp.swift in Sources */ = {isa = PBXBuildFile; fileRef = 84A9B2BE298434C000F96E01 /* AudioRoomsApp.swift */; };
		84A9B2C3298434C200F96E01 /* Assets.xcassets in Resources */ = {isa = PBXBuildFile; fileRef = 84A9B2C2298434C200F96E01 /* Assets.xcassets */; };
		84A9B2C6298434C200F96E01 /* Preview Assets.xcassets in Resources */ = {isa = PBXBuildFile; fileRef = 84A9B2C5298434C200F96E01 /* Preview Assets.xcassets */; };
		84A9B2CE298435AD00F96E01 /* StreamVideo in Frameworks */ = {isa = PBXBuildFile; productRef = 84A9B2CD298435AD00F96E01 /* StreamVideo */; };
		84A9B2D02984360C00F96E01 /* AudioRoom.swift in Sources */ = {isa = PBXBuildFile; fileRef = 84A9B2CF2984360C00F96E01 /* AudioRoom.swift */; };
		84A9B2D2298438A000F96E01 /* AudioRoomsView.swift in Sources */ = {isa = PBXBuildFile; fileRef = 84A9B2D1298438A000F96E01 /* AudioRoomsView.swift */; };
		84A9B2D4298438AF00F96E01 /* AudioRoomsViewModel.swift in Sources */ = {isa = PBXBuildFile; fileRef = 84A9B2D3298438AF00F96E01 /* AudioRoomsViewModel.swift */; };
		84AA6EB129881D17005732EF /* AudioRoomView.swift in Sources */ = {isa = PBXBuildFile; fileRef = 84AA6EB029881D17005732EF /* AudioRoomView.swift */; };
		84AA6EB329881DDE005732EF /* AudioRoomViewModel.swift in Sources */ = {isa = PBXBuildFile; fileRef = 84AA6EB229881DDE005732EF /* AudioRoomViewModel.swift */; };
		84AA6EB829882534005732EF /* LoginView.swift in Sources */ = {isa = PBXBuildFile; fileRef = 84AA6EB529882534005732EF /* LoginView.swift */; };
		84AA6EB929882534005732EF /* UserCredentials.swift in Sources */ = {isa = PBXBuildFile; fileRef = 84AA6EB629882534005732EF /* UserCredentials.swift */; };
		84AA6EBB2988254E005732EF /* AppState.swift in Sources */ = {isa = PBXBuildFile; fileRef = 84AA6EBA2988254E005732EF /* AppState.swift */; };
		84AA6EBD2988256F005732EF /* LocalStorage.swift in Sources */ = {isa = PBXBuildFile; fileRef = 84AA6EBC2988256F005732EF /* LocalStorage.swift */; };
		AC791B9C2993A13F0072AD3C /* AudioRoomCell.swift in Sources */ = {isa = PBXBuildFile; fileRef = AC791B9B2993A13F0072AD3C /* AudioRoomCell.swift */; };
		AC791B9F2993A1750072AD3C /* Color+BackgroundColor.swift in Sources */ = {isa = PBXBuildFile; fileRef = AC791B9E2993A1750072AD3C /* Color+BackgroundColor.swift */; };
		AC791BA42993A5FD0072AD3C /* ParticipantsView.swift in Sources */ = {isa = PBXBuildFile; fileRef = AC791BA32993A5FD0072AD3C /* ParticipantsView.swift */; };
		AC791BA62993A6B60072AD3C /* IconView.swift in Sources */ = {isa = PBXBuildFile; fileRef = AC791BA52993A6B60072AD3C /* IconView.swift */; };
		AC791BAB2993EB2A0072AD3C /* ImageFromUrl.swift in Sources */ = {isa = PBXBuildFile; fileRef = AC791BAA2993EB2A0072AD3C /* ImageFromUrl.swift */; };
/* End PBXBuildFile section */

/* Begin PBXFileReference section */
		844CF22829B5DA6C00389DBD /* HTTPClient.swift */ = {isa = PBXFileReference; fileEncoding = 4; lastKnownFileType = sourcecode.swift; path = HTTPClient.swift; sourceTree = "<group>"; };
		844CF22929B5DA6C00389DBD /* TokenService.swift */ = {isa = PBXFileReference; fileEncoding = 4; lastKnownFileType = sourcecode.swift; path = TokenService.swift; sourceTree = "<group>"; };
		84A9B2BB298434C000F96E01 /* AudioRooms.app */ = {isa = PBXFileReference; explicitFileType = wrapper.application; includeInIndex = 0; path = AudioRooms.app; sourceTree = BUILT_PRODUCTS_DIR; };
		84A9B2BE298434C000F96E01 /* AudioRoomsApp.swift */ = {isa = PBXFileReference; lastKnownFileType = sourcecode.swift; path = AudioRoomsApp.swift; sourceTree = "<group>"; };
		84A9B2C2298434C200F96E01 /* Assets.xcassets */ = {isa = PBXFileReference; lastKnownFileType = folder.assetcatalog; path = Assets.xcassets; sourceTree = "<group>"; };
		84A9B2C5298434C200F96E01 /* Preview Assets.xcassets */ = {isa = PBXFileReference; lastKnownFileType = folder.assetcatalog; path = "Preview Assets.xcassets"; sourceTree = "<group>"; };
		84A9B2CF2984360C00F96E01 /* AudioRoom.swift */ = {isa = PBXFileReference; lastKnownFileType = sourcecode.swift; path = AudioRoom.swift; sourceTree = "<group>"; };
		84A9B2D1298438A000F96E01 /* AudioRoomsView.swift */ = {isa = PBXFileReference; lastKnownFileType = sourcecode.swift; path = AudioRoomsView.swift; sourceTree = "<group>"; };
		84A9B2D3298438AF00F96E01 /* AudioRoomsViewModel.swift */ = {isa = PBXFileReference; lastKnownFileType = sourcecode.swift; path = AudioRoomsViewModel.swift; sourceTree = "<group>"; };
		84AA6EB029881D17005732EF /* AudioRoomView.swift */ = {isa = PBXFileReference; lastKnownFileType = sourcecode.swift; path = AudioRoomView.swift; sourceTree = "<group>"; };
		84AA6EB229881DDE005732EF /* AudioRoomViewModel.swift */ = {isa = PBXFileReference; lastKnownFileType = sourcecode.swift; path = AudioRoomViewModel.swift; sourceTree = "<group>"; };
		84AA6EB529882534005732EF /* LoginView.swift */ = {isa = PBXFileReference; fileEncoding = 4; lastKnownFileType = sourcecode.swift; path = LoginView.swift; sourceTree = "<group>"; };
		84AA6EB629882534005732EF /* UserCredentials.swift */ = {isa = PBXFileReference; fileEncoding = 4; lastKnownFileType = sourcecode.swift; path = UserCredentials.swift; sourceTree = "<group>"; };
		84AA6EBA2988254E005732EF /* AppState.swift */ = {isa = PBXFileReference; fileEncoding = 4; lastKnownFileType = sourcecode.swift; path = AppState.swift; sourceTree = "<group>"; };
		84AA6EBC2988256F005732EF /* LocalStorage.swift */ = {isa = PBXFileReference; fileEncoding = 4; lastKnownFileType = sourcecode.swift; path = LocalStorage.swift; sourceTree = "<group>"; };
		84AD51D02989468F0057F1A5 /* Info.plist */ = {isa = PBXFileReference; lastKnownFileType = text.plist; path = Info.plist; sourceTree = "<group>"; };
		AC791B9B2993A13F0072AD3C /* AudioRoomCell.swift */ = {isa = PBXFileReference; lastKnownFileType = sourcecode.swift; path = AudioRoomCell.swift; sourceTree = "<group>"; };
		AC791B9E2993A1750072AD3C /* Color+BackgroundColor.swift */ = {isa = PBXFileReference; lastKnownFileType = sourcecode.swift; path = "Color+BackgroundColor.swift"; sourceTree = "<group>"; };
		AC791BA32993A5FD0072AD3C /* ParticipantsView.swift */ = {isa = PBXFileReference; lastKnownFileType = sourcecode.swift; path = ParticipantsView.swift; sourceTree = "<group>"; };
		AC791BA52993A6B60072AD3C /* IconView.swift */ = {isa = PBXFileReference; lastKnownFileType = sourcecode.swift; path = IconView.swift; sourceTree = "<group>"; };
		AC791BAA2993EB2A0072AD3C /* ImageFromUrl.swift */ = {isa = PBXFileReference; lastKnownFileType = sourcecode.swift; path = ImageFromUrl.swift; sourceTree = "<group>"; };
/* End PBXFileReference section */

/* Begin PBXFrameworksBuildPhase section */
		84A9B2B8298434C000F96E01 /* Frameworks */ = {
			isa = PBXFrameworksBuildPhase;
			buildActionMask = 2147483647;
			files = (
				84A9B2CE298435AD00F96E01 /* StreamVideo in Frameworks */,
			);
			runOnlyForDeploymentPostprocessing = 0;
		};
/* End PBXFrameworksBuildPhase section */

/* Begin PBXGroup section */
		84A9B2B2298434C000F96E01 = {
			isa = PBXGroup;
			children = (
				84A9B2BD298434C000F96E01 /* AudioRooms */,
				84A9B2BC298434C000F96E01 /* Products */,
			);
			sourceTree = "<group>";
		};
		84A9B2BC298434C000F96E01 /* Products */ = {
			isa = PBXGroup;
			children = (
				84A9B2BB298434C000F96E01 /* AudioRooms.app */,
			);
			name = Products;
			sourceTree = "<group>";
		};
		84A9B2BD298434C000F96E01 /* AudioRooms */ = {
			isa = PBXGroup;
			children = (
				84AA6EBA2988254E005732EF /* AppState.swift */,
				84A9B2C2298434C200F96E01 /* Assets.xcassets */,
				84A9B2BE298434C000F96E01 /* AudioRoomsApp.swift */,
				AC791B972993A09A0072AD3C /* Features */,
				AC791B9D2993A1660072AD3C /* Helpers */,
				84AD51D02989468F0057F1A5 /* Info.plist */,
				AC791BA92993A73A0072AD3C /* Model */,
				84A9B2C4298434C200F96E01 /* Preview Content */,
			);
			path = AudioRooms;
			sourceTree = "<group>";
		};
		84A9B2C4298434C200F96E01 /* Preview Content */ = {
			isa = PBXGroup;
			children = (
				84A9B2C5298434C200F96E01 /* Preview Assets.xcassets */,
			);
			path = "Preview Content";
			sourceTree = "<group>";
		};
		AC791B972993A09A0072AD3C /* Features */ = {
			isa = PBXGroup;
			children = (
				AC791BA72993A72C0072AD3C /* Login */,
				AC791BA02993A55D0072AD3C /* AudioRoom */,
				AC791B982993A09F0072AD3C /* AudioRooms */,
			);
			path = Features;
			sourceTree = "<group>";
		};
		AC791B982993A09F0072AD3C /* AudioRooms */ = {
			isa = PBXGroup;
			children = (
				AC791B9A2993A0AD0072AD3C /* ViewModel */,
				AC791B992993A0A80072AD3C /* View */,
			);
			path = AudioRooms;
			sourceTree = "<group>";
		};
		AC791B992993A0A80072AD3C /* View */ = {
			isa = PBXGroup;
			children = (
				AC791B9B2993A13F0072AD3C /* AudioRoomCell.swift */,
				84A9B2D1298438A000F96E01 /* AudioRoomsView.swift */,
				AC791BAA2993EB2A0072AD3C /* ImageFromUrl.swift */,
			);
			path = View;
			sourceTree = "<group>";
		};
		AC791B9A2993A0AD0072AD3C /* ViewModel */ = {
			isa = PBXGroup;
			children = (
				84A9B2D3298438AF00F96E01 /* AudioRoomsViewModel.swift */,
			);
			path = ViewModel;
			sourceTree = "<group>";
		};
		AC791B9D2993A1660072AD3C /* Helpers */ = {
			isa = PBXGroup;
			children = (
				AC791B9E2993A1750072AD3C /* Color+BackgroundColor.swift */,
				84AA6EBC2988256F005732EF /* LocalStorage.swift */,
			);
			path = Helpers;
			sourceTree = "<group>";
		};
		AC791BA02993A55D0072AD3C /* AudioRoom */ = {
			isa = PBXGroup;
			children = (
				AC791BA22993A5680072AD3C /* ViewModel */,
				AC791BA12993A5640072AD3C /* View */,
			);
			path = AudioRoom;
			sourceTree = "<group>";
		};
		AC791BA12993A5640072AD3C /* View */ = {
			isa = PBXGroup;
			children = (
				84AA6EB029881D17005732EF /* AudioRoomView.swift */,
				AC791BA32993A5FD0072AD3C /* ParticipantsView.swift */,
				AC791BA52993A6B60072AD3C /* IconView.swift */,
			);
			path = View;
			sourceTree = "<group>";
		};
		AC791BA22993A5680072AD3C /* ViewModel */ = {
			isa = PBXGroup;
			children = (
				84AA6EB229881DDE005732EF /* AudioRoomViewModel.swift */,
			);
			path = ViewModel;
			sourceTree = "<group>";
		};
		AC791BA72993A72C0072AD3C /* Login */ = {
			isa = PBXGroup;
			children = (
				844CF22829B5DA6C00389DBD /* HTTPClient.swift */,
				844CF22929B5DA6C00389DBD /* TokenService.swift */,
				AC791BA82993A7310072AD3C /* View */,
			);
			path = Login;
			sourceTree = "<group>";
		};
		AC791BA82993A7310072AD3C /* View */ = {
			isa = PBXGroup;
			children = (
				84AA6EB529882534005732EF /* LoginView.swift */,
			);
			path = View;
			sourceTree = "<group>";
		};
		AC791BA92993A73A0072AD3C /* Model */ = {
			isa = PBXGroup;
			children = (
				84A9B2CF2984360C00F96E01 /* AudioRoom.swift */,
				84AA6EB629882534005732EF /* UserCredentials.swift */,
			);
			path = Model;
			sourceTree = "<group>";
		};
/* End PBXGroup section */

/* Begin PBXNativeTarget section */
		84A9B2BA298434C000F96E01 /* AudioRooms */ = {
			isa = PBXNativeTarget;
			buildConfigurationList = 84A9B2C9298434C200F96E01 /* Build configuration list for PBXNativeTarget "AudioRooms" */;
			buildPhases = (
				84A9B2B7298434C000F96E01 /* Sources */,
				84A9B2B8298434C000F96E01 /* Frameworks */,
				84A9B2B9298434C000F96E01 /* Resources */,
			);
			buildRules = (
			);
			dependencies = (
			);
			name = AudioRooms;
			packageProductDependencies = (
				84A9B2CD298435AD00F96E01 /* StreamVideo */,
			);
			productName = AudioRooms;
			productReference = 84A9B2BB298434C000F96E01 /* AudioRooms.app */;
			productType = "com.apple.product-type.application";
		};
/* End PBXNativeTarget section */

/* Begin PBXProject section */
		84A9B2B3298434C000F96E01 /* Project object */ = {
			isa = PBXProject;
			attributes = {
				BuildIndependentTargetsInParallel = 1;
				LastSwiftUpdateCheck = 1420;
				LastUpgradeCheck = 1420;
				TargetAttributes = {
					84A9B2BA298434C000F96E01 = {
						CreatedOnToolsVersion = 14.2;
					};
				};
			};
			buildConfigurationList = 84A9B2B6298434C000F96E01 /* Build configuration list for PBXProject "AudioRooms" */;
			compatibilityVersion = "Xcode 14.0";
			developmentRegion = en;
			hasScannedForEncodings = 0;
			knownRegions = (
				en,
				Base,
			);
			mainGroup = 84A9B2B2298434C000F96E01;
			packageReferences = (
				84A9B2CC298435AD00F96E01 /* XCRemoteSwiftPackageReference "stream-video-swift" */,
			);
			productRefGroup = 84A9B2BC298434C000F96E01 /* Products */;
			projectDirPath = "";
			projectRoot = "";
			targets = (
				84A9B2BA298434C000F96E01 /* AudioRooms */,
			);
		};
/* End PBXProject section */

/* Begin PBXResourcesBuildPhase section */
		84A9B2B9298434C000F96E01 /* Resources */ = {
			isa = PBXResourcesBuildPhase;
			buildActionMask = 2147483647;
			files = (
				84A9B2C6298434C200F96E01 /* Preview Assets.xcassets in Resources */,
				84A9B2C3298434C200F96E01 /* Assets.xcassets in Resources */,
			);
			runOnlyForDeploymentPostprocessing = 0;
		};
/* End PBXResourcesBuildPhase section */

/* Begin PBXSourcesBuildPhase section */
		84A9B2B7298434C000F96E01 /* Sources */ = {
			isa = PBXSourcesBuildPhase;
			buildActionMask = 2147483647;
			files = (
				AC791BAB2993EB2A0072AD3C /* ImageFromUrl.swift in Sources */,
				84AA6EBD2988256F005732EF /* LocalStorage.swift in Sources */,
				AC791BA62993A6B60072AD3C /* IconView.swift in Sources */,
				84A9B2D2298438A000F96E01 /* AudioRoomsView.swift in Sources */,
				84AA6EBB2988254E005732EF /* AppState.swift in Sources */,
				84A9B2D02984360C00F96E01 /* AudioRoom.swift in Sources */,
				AC791B9C2993A13F0072AD3C /* AudioRoomCell.swift in Sources */,
				84A9B2D4298438AF00F96E01 /* AudioRoomsViewModel.swift in Sources */,
				84AA6EB129881D17005732EF /* AudioRoomView.swift in Sources */,
				AC791B9F2993A1750072AD3C /* Color+BackgroundColor.swift in Sources */,
				844CF22A29B5DA6C00389DBD /* HTTPClient.swift in Sources */,
				AC791BA42993A5FD0072AD3C /* ParticipantsView.swift in Sources */,
				844CF22B29B5DA6C00389DBD /* TokenService.swift in Sources */,
				84AA6EB329881DDE005732EF /* AudioRoomViewModel.swift in Sources */,
				84AA6EB929882534005732EF /* UserCredentials.swift in Sources */,
				84A9B2BF298434C000F96E01 /* AudioRoomsApp.swift in Sources */,
				84AA6EB829882534005732EF /* LoginView.swift in Sources */,
			);
			runOnlyForDeploymentPostprocessing = 0;
		};
/* End PBXSourcesBuildPhase section */

/* Begin XCBuildConfiguration section */
		84A9B2C7298434C200F96E01 /* Debug */ = {
			isa = XCBuildConfiguration;
			buildSettings = {
				ALWAYS_SEARCH_USER_PATHS = NO;
				CLANG_ANALYZER_NONNULL = YES;
				CLANG_ANALYZER_NUMBER_OBJECT_CONVERSION = YES_AGGRESSIVE;
				CLANG_CXX_LANGUAGE_STANDARD = "gnu++20";
				CLANG_ENABLE_MODULES = YES;
				CLANG_ENABLE_OBJC_ARC = YES;
				CLANG_ENABLE_OBJC_WEAK = YES;
				CLANG_WARN_BLOCK_CAPTURE_AUTORELEASING = YES;
				CLANG_WARN_BOOL_CONVERSION = YES;
				CLANG_WARN_COMMA = YES;
				CLANG_WARN_CONSTANT_CONVERSION = YES;
				CLANG_WARN_DEPRECATED_OBJC_IMPLEMENTATIONS = YES;
				CLANG_WARN_DIRECT_OBJC_ISA_USAGE = YES_ERROR;
				CLANG_WARN_DOCUMENTATION_COMMENTS = YES;
				CLANG_WARN_EMPTY_BODY = YES;
				CLANG_WARN_ENUM_CONVERSION = YES;
				CLANG_WARN_INFINITE_RECURSION = YES;
				CLANG_WARN_INT_CONVERSION = YES;
				CLANG_WARN_NON_LITERAL_NULL_CONVERSION = YES;
				CLANG_WARN_OBJC_IMPLICIT_RETAIN_SELF = YES;
				CLANG_WARN_OBJC_LITERAL_CONVERSION = YES;
				CLANG_WARN_OBJC_ROOT_CLASS = YES_ERROR;
				CLANG_WARN_QUOTED_INCLUDE_IN_FRAMEWORK_HEADER = YES;
				CLANG_WARN_RANGE_LOOP_ANALYSIS = YES;
				CLANG_WARN_STRICT_PROTOTYPES = YES;
				CLANG_WARN_SUSPICIOUS_MOVE = YES;
				CLANG_WARN_UNGUARDED_AVAILABILITY = YES_AGGRESSIVE;
				CLANG_WARN_UNREACHABLE_CODE = YES;
				CLANG_WARN__DUPLICATE_METHOD_MATCH = YES;
				COPY_PHASE_STRIP = NO;
				DEBUG_INFORMATION_FORMAT = dwarf;
				ENABLE_STRICT_OBJC_MSGSEND = YES;
				ENABLE_TESTABILITY = YES;
				GCC_C_LANGUAGE_STANDARD = gnu11;
				GCC_DYNAMIC_NO_PIC = NO;
				GCC_NO_COMMON_BLOCKS = YES;
				GCC_OPTIMIZATION_LEVEL = 0;
				GCC_PREPROCESSOR_DEFINITIONS = (
					"DEBUG=1",
					"$(inherited)",
				);
				GCC_WARN_64_TO_32_BIT_CONVERSION = YES;
				GCC_WARN_ABOUT_RETURN_TYPE = YES_ERROR;
				GCC_WARN_UNDECLARED_SELECTOR = YES;
				GCC_WARN_UNINITIALIZED_AUTOS = YES_AGGRESSIVE;
				GCC_WARN_UNUSED_FUNCTION = YES;
				GCC_WARN_UNUSED_VARIABLE = YES;
				IPHONEOS_DEPLOYMENT_TARGET = 15.1;
				MTL_ENABLE_DEBUG_INFO = INCLUDE_SOURCE;
				MTL_FAST_MATH = YES;
				ONLY_ACTIVE_ARCH = YES;
				SDKROOT = iphoneos;
				SWIFT_ACTIVE_COMPILATION_CONDITIONS = DEBUG;
				SWIFT_OPTIMIZATION_LEVEL = "-Onone";
			};
			name = Debug;
		};
		84A9B2C8298434C200F96E01 /* Release */ = {
			isa = XCBuildConfiguration;
			buildSettings = {
				ALWAYS_SEARCH_USER_PATHS = NO;
				CLANG_ANALYZER_NONNULL = YES;
				CLANG_ANALYZER_NUMBER_OBJECT_CONVERSION = YES_AGGRESSIVE;
				CLANG_CXX_LANGUAGE_STANDARD = "gnu++20";
				CLANG_ENABLE_MODULES = YES;
				CLANG_ENABLE_OBJC_ARC = YES;
				CLANG_ENABLE_OBJC_WEAK = YES;
				CLANG_WARN_BLOCK_CAPTURE_AUTORELEASING = YES;
				CLANG_WARN_BOOL_CONVERSION = YES;
				CLANG_WARN_COMMA = YES;
				CLANG_WARN_CONSTANT_CONVERSION = YES;
				CLANG_WARN_DEPRECATED_OBJC_IMPLEMENTATIONS = YES;
				CLANG_WARN_DIRECT_OBJC_ISA_USAGE = YES_ERROR;
				CLANG_WARN_DOCUMENTATION_COMMENTS = YES;
				CLANG_WARN_EMPTY_BODY = YES;
				CLANG_WARN_ENUM_CONVERSION = YES;
				CLANG_WARN_INFINITE_RECURSION = YES;
				CLANG_WARN_INT_CONVERSION = YES;
				CLANG_WARN_NON_LITERAL_NULL_CONVERSION = YES;
				CLANG_WARN_OBJC_IMPLICIT_RETAIN_SELF = YES;
				CLANG_WARN_OBJC_LITERAL_CONVERSION = YES;
				CLANG_WARN_OBJC_ROOT_CLASS = YES_ERROR;
				CLANG_WARN_QUOTED_INCLUDE_IN_FRAMEWORK_HEADER = YES;
				CLANG_WARN_RANGE_LOOP_ANALYSIS = YES;
				CLANG_WARN_STRICT_PROTOTYPES = YES;
				CLANG_WARN_SUSPICIOUS_MOVE = YES;
				CLANG_WARN_UNGUARDED_AVAILABILITY = YES_AGGRESSIVE;
				CLANG_WARN_UNREACHABLE_CODE = YES;
				CLANG_WARN__DUPLICATE_METHOD_MATCH = YES;
				COPY_PHASE_STRIP = NO;
				DEBUG_INFORMATION_FORMAT = "dwarf-with-dsym";
				ENABLE_NS_ASSERTIONS = NO;
				ENABLE_STRICT_OBJC_MSGSEND = YES;
				GCC_C_LANGUAGE_STANDARD = gnu11;
				GCC_NO_COMMON_BLOCKS = YES;
				GCC_WARN_64_TO_32_BIT_CONVERSION = YES;
				GCC_WARN_ABOUT_RETURN_TYPE = YES_ERROR;
				GCC_WARN_UNDECLARED_SELECTOR = YES;
				GCC_WARN_UNINITIALIZED_AUTOS = YES_AGGRESSIVE;
				GCC_WARN_UNUSED_FUNCTION = YES;
				GCC_WARN_UNUSED_VARIABLE = YES;
				IPHONEOS_DEPLOYMENT_TARGET = 15.1;
				MTL_ENABLE_DEBUG_INFO = NO;
				MTL_FAST_MATH = YES;
				SDKROOT = iphoneos;
				SWIFT_COMPILATION_MODE = wholemodule;
				SWIFT_OPTIMIZATION_LEVEL = "-O";
				VALIDATE_PRODUCT = YES;
			};
			name = Release;
		};
		84A9B2CA298434C200F96E01 /* Debug */ = {
			isa = XCBuildConfiguration;
			buildSettings = {
				ASSETCATALOG_COMPILER_APPICON_NAME = AppIcon;
				ASSETCATALOG_COMPILER_GLOBAL_ACCENT_COLOR_NAME = AccentColor;
				CODE_SIGN_STYLE = Automatic;
				CURRENT_PROJECT_VERSION = 1;
				DEVELOPMENT_ASSET_PATHS = "\"AudioRooms/Preview Content\"";
				DEVELOPMENT_TEAM = EHV7XZLAHA;
				ENABLE_PREVIEWS = YES;
				GENERATE_INFOPLIST_FILE = YES;
				INFOPLIST_FILE = AudioRooms/Info.plist;
				INFOPLIST_KEY_NSMicrophoneUsageDescription = "Microphone needed for interacting in audio rooms.";
				INFOPLIST_KEY_UIApplicationSceneManifest_Generation = YES;
				INFOPLIST_KEY_UIApplicationSupportsIndirectInputEvents = YES;
				INFOPLIST_KEY_UILaunchScreen_Generation = YES;
				INFOPLIST_KEY_UISupportedInterfaceOrientations = UIInterfaceOrientationPortrait;
				LD_RUNPATH_SEARCH_PATHS = (
					"$(inherited)",
					"@executable_path/Frameworks",
				);
				MARKETING_VERSION = 1.0;
				PRODUCT_BUNDLE_IDENTIFIER = io.getstream.iOS.AudioRooms;
				PRODUCT_NAME = "$(TARGET_NAME)";
				SWIFT_EMIT_LOC_STRINGS = YES;
				SWIFT_VERSION = 5.0;
				TARGETED_DEVICE_FAMILY = "1,2";
			};
			name = Debug;
		};
		84A9B2CB298434C200F96E01 /* Release */ = {
			isa = XCBuildConfiguration;
			buildSettings = {
				ASSETCATALOG_COMPILER_APPICON_NAME = AppIcon;
				ASSETCATALOG_COMPILER_GLOBAL_ACCENT_COLOR_NAME = AccentColor;
				CODE_SIGN_STYLE = Automatic;
				CURRENT_PROJECT_VERSION = 1;
				DEVELOPMENT_ASSET_PATHS = "\"AudioRooms/Preview Content\"";
				DEVELOPMENT_TEAM = EHV7XZLAHA;
				ENABLE_PREVIEWS = YES;
				GENERATE_INFOPLIST_FILE = YES;
				INFOPLIST_FILE = AudioRooms/Info.plist;
				INFOPLIST_KEY_NSMicrophoneUsageDescription = "Microphone needed for interacting in audio rooms.";
				INFOPLIST_KEY_UIApplicationSceneManifest_Generation = YES;
				INFOPLIST_KEY_UIApplicationSupportsIndirectInputEvents = YES;
				INFOPLIST_KEY_UILaunchScreen_Generation = YES;
				INFOPLIST_KEY_UISupportedInterfaceOrientations = UIInterfaceOrientationPortrait;
				LD_RUNPATH_SEARCH_PATHS = (
					"$(inherited)",
					"@executable_path/Frameworks",
				);
				MARKETING_VERSION = 1.0;
				PRODUCT_BUNDLE_IDENTIFIER = io.getstream.iOS.AudioRooms;
				PRODUCT_NAME = "$(TARGET_NAME)";
				SWIFT_EMIT_LOC_STRINGS = YES;
				SWIFT_VERSION = 5.0;
				TARGETED_DEVICE_FAMILY = "1,2";
			};
			name = Release;
		};
/* End XCBuildConfiguration section */

/* Begin XCConfigurationList section */
		84A9B2B6298434C000F96E01 /* Build configuration list for PBXProject "AudioRooms" */ = {
			isa = XCConfigurationList;
			buildConfigurations = (
				84A9B2C7298434C200F96E01 /* Debug */,
				84A9B2C8298434C200F96E01 /* Release */,
			);
			defaultConfigurationIsVisible = 0;
			defaultConfigurationName = Release;
		};
		84A9B2C9298434C200F96E01 /* Build configuration list for PBXNativeTarget "AudioRooms" */ = {
			isa = XCConfigurationList;
			buildConfigurations = (
				84A9B2CA298434C200F96E01 /* Debug */,
				84A9B2CB298434C200F96E01 /* Release */,
			);
			defaultConfigurationIsVisible = 0;
			defaultConfigurationName = Release;
		};
/* End XCConfigurationList section */

/* Begin XCRemoteSwiftPackageReference section */
		84A9B2CC298435AD00F96E01 /* XCRemoteSwiftPackageReference "stream-video-swift" */ = {
			isa = XCRemoteSwiftPackageReference;
			repositoryURL = "https://github.com/GetStream/stream-video-swift.git";
			requirement = {
				branch = main;
				kind = branch;
			};
		};
/* End XCRemoteSwiftPackageReference section */

/* Begin XCSwiftPackageProductDependency section */
		84A9B2CD298435AD00F96E01 /* StreamVideo */ = {
			isa = XCSwiftPackageProductDependency;
			package = 84A9B2CC298435AD00F96E01 /* XCRemoteSwiftPackageReference "stream-video-swift" */;
			productName = StreamVideo;
		};
/* End XCSwiftPackageProductDependency section */
	};
	rootObject = 84A9B2B3298434C000F96E01 /* Project object */;
}
