// !$*UTF8*$!
{
	archiveVersion = 1;
	classes = {
	};
	objectVersion = 56;
	objects = {

/* Begin PBXBuildFile section */
		407AFF412A79105A00512216 /* AudioRoomsApp.swift in Sources */ = {isa = PBXBuildFile; fileRef = 407AFF402A79105A00512216 /* AudioRoomsApp.swift */; };
		407AFF452A79105D00512216 /* Assets.xcassets in Resources */ = {isa = PBXBuildFile; fileRef = 407AFF442A79105D00512216 /* Assets.xcassets */; };
		407AFF482A79105D00512216 /* Preview Assets.xcassets in Resources */ = {isa = PBXBuildFile; fileRef = 407AFF472A79105D00512216 /* Preview Assets.xcassets */; };
		407AFF502A79109A00512216 /* StreamVideo in Frameworks */ = {isa = PBXBuildFile; productRef = 407AFF4F2A79109A00512216 /* StreamVideo */; };
		407AFF522A79109A00512216 /* StreamVideoSwiftUI in Frameworks */ = {isa = PBXBuildFile; productRef = 407AFF512A79109A00512216 /* StreamVideoSwiftUI */; };
		407AFF542A79110500512216 /* DescriptionView.swift in Sources */ = {isa = PBXBuildFile; fileRef = 407AFF532A79110500512216 /* DescriptionView.swift */; };
		407AFF572A79112B00512216 /* ParticipantsView.swift in Sources */ = {isa = PBXBuildFile; fileRef = 407AFF562A79112B00512216 /* ParticipantsView.swift */; };
		407AFF592A79115200512216 /* ControlsView.swift in Sources */ = {isa = PBXBuildFile; fileRef = 407AFF582A79115200512216 /* ControlsView.swift */; };
		407AFF5B2A79116F00512216 /* ContentView.swift in Sources */ = {isa = PBXBuildFile; fileRef = 407AFF5A2A79116F00512216 /* ContentView.swift */; };
		407AFF5D2A79120900512216 /* MicButtonView.swift in Sources */ = {isa = PBXBuildFile; fileRef = 407AFF5C2A79120900512216 /* MicButtonView.swift */; };
		407AFF5F2A79122100512216 /* LiveButtonView.swift in Sources */ = {isa = PBXBuildFile; fileRef = 407AFF5E2A79122100512216 /* LiveButtonView.swift */; };
		407AFF612A79125100512216 /* ParticipantView.swift in Sources */ = {isa = PBXBuildFile; fileRef = 407AFF602A79125100512216 /* ParticipantView.swift */; };
		407AFF632A79127200512216 /* PermissionRequestsView.swift in Sources */ = {isa = PBXBuildFile; fileRef = 407AFF622A79127200512216 /* PermissionRequestsView.swift */; };
		407AFF6B2A79139A00512216 /* AppDelegate.swift in Sources */ = {isa = PBXBuildFile; fileRef = 407AFF6A2A79139A00512216 /* AppDelegate.swift */; };
		407AFF6D2A79139A00512216 /* SceneDelegate.swift in Sources */ = {isa = PBXBuildFile; fileRef = 407AFF6C2A79139A00512216 /* SceneDelegate.swift */; };
		407AFF6F2A79139A00512216 /* ContentViewController.swift in Sources */ = {isa = PBXBuildFile; fileRef = 407AFF6E2A79139A00512216 /* ContentViewController.swift */; };
		407AFF742A79139D00512216 /* Assets.xcassets in Resources */ = {isa = PBXBuildFile; fileRef = 407AFF732A79139D00512216 /* Assets.xcassets */; };
		407AFF772A79139D00512216 /* LaunchScreen.storyboard in Resources */ = {isa = PBXBuildFile; fileRef = 407AFF752A79139D00512216 /* LaunchScreen.storyboard */; };
		407AFF7F2A7914A400512216 /* StreamVideo in Frameworks */ = {isa = PBXBuildFile; productRef = 407AFF7E2A7914A400512216 /* StreamVideo */; };
		407AFF832A791CDD00512216 /* UIView+Autolayout.swift in Sources */ = {isa = PBXBuildFile; fileRef = 407AFF812A791C1F00512216 /* UIView+Autolayout.swift */; };
		407AFF852A791F3600512216 /* ContentView.swift in Sources */ = {isa = PBXBuildFile; fileRef = 407AFF842A791F3600512216 /* ContentView.swift */; };
		407AFF872A7922A500512216 /* DescriptionView.swift in Sources */ = {isa = PBXBuildFile; fileRef = 407AFF862A7922A500512216 /* DescriptionView.swift */; };
		407AFF892A79239B00512216 /* UIStackView+Convenience.swift in Sources */ = {isa = PBXBuildFile; fileRef = 407AFF882A79239B00512216 /* UIStackView+Convenience.swift */; };
		407AFF8B2A7924CE00512216 /* ParticipantsView.swift in Sources */ = {isa = PBXBuildFile; fileRef = 407AFF8A2A7924CE00512216 /* ParticipantsView.swift */; };
		407AFF8D2A7925B200512216 /* ControlsView.swift in Sources */ = {isa = PBXBuildFile; fileRef = 407AFF8C2A7925B200512216 /* ControlsView.swift */; };
		407AFF8F2A793C1D00512216 /* MicButtonView.swift in Sources */ = {isa = PBXBuildFile; fileRef = 407AFF8E2A793C1D00512216 /* MicButtonView.swift */; };
		407AFF912A793CB500512216 /* LiveButtonView.swift in Sources */ = {isa = PBXBuildFile; fileRef = 407AFF902A793CB500512216 /* LiveButtonView.swift */; };
		407AFF932A7947D200512216 /* ParticipantView.swift in Sources */ = {isa = PBXBuildFile; fileRef = 407AFF922A7947D200512216 /* ParticipantView.swift */; };
		407AFF952A794AAD00512216 /* StreamVideoUIKit in Frameworks */ = {isa = PBXBuildFile; productRef = 407AFF942A794AAD00512216 /* StreamVideoUIKit */; };
		407AFF972A795F9700512216 /* PermissionRequestsView.swift in Sources */ = {isa = PBXBuildFile; fileRef = 407AFF962A795F9700512216 /* PermissionRequestsView.swift */; };
		407AFF992A7967EE00512216 /* ParticipantsListHeader.swift in Sources */ = {isa = PBXBuildFile; fileRef = 407AFF982A7967EE00512216 /* ParticipantsListHeader.swift */; };
/* End PBXBuildFile section */

/* Begin PBXFileReference section */
		407AFF3D2A79105A00512216 /* AudioRooms-SwiftUI.app */ = {isa = PBXFileReference; explicitFileType = wrapper.application; includeInIndex = 0; path = "AudioRooms-SwiftUI.app"; sourceTree = BUILT_PRODUCTS_DIR; };
		407AFF402A79105A00512216 /* AudioRoomsApp.swift */ = {isa = PBXFileReference; lastKnownFileType = sourcecode.swift; path = AudioRoomsApp.swift; sourceTree = "<group>"; };
		407AFF442A79105D00512216 /* Assets.xcassets */ = {isa = PBXFileReference; lastKnownFileType = folder.assetcatalog; path = Assets.xcassets; sourceTree = "<group>"; };
		407AFF472A79105D00512216 /* Preview Assets.xcassets */ = {isa = PBXFileReference; lastKnownFileType = folder.assetcatalog; path = "Preview Assets.xcassets"; sourceTree = "<group>"; };
		407AFF532A79110500512216 /* DescriptionView.swift */ = {isa = PBXFileReference; lastKnownFileType = sourcecode.swift; path = DescriptionView.swift; sourceTree = "<group>"; };
		407AFF562A79112B00512216 /* ParticipantsView.swift */ = {isa = PBXFileReference; lastKnownFileType = sourcecode.swift; path = ParticipantsView.swift; sourceTree = "<group>"; };
		407AFF582A79115200512216 /* ControlsView.swift */ = {isa = PBXFileReference; lastKnownFileType = sourcecode.swift; path = ControlsView.swift; sourceTree = "<group>"; };
		407AFF5A2A79116F00512216 /* ContentView.swift */ = {isa = PBXFileReference; lastKnownFileType = sourcecode.swift; name = ContentView.swift; path = Components/ContentView.swift; sourceTree = "<group>"; };
		407AFF5C2A79120900512216 /* MicButtonView.swift */ = {isa = PBXFileReference; lastKnownFileType = sourcecode.swift; path = MicButtonView.swift; sourceTree = "<group>"; };
		407AFF5E2A79122100512216 /* LiveButtonView.swift */ = {isa = PBXFileReference; lastKnownFileType = sourcecode.swift; path = LiveButtonView.swift; sourceTree = "<group>"; };
		407AFF602A79125100512216 /* ParticipantView.swift */ = {isa = PBXFileReference; lastKnownFileType = sourcecode.swift; path = ParticipantView.swift; sourceTree = "<group>"; };
		407AFF622A79127200512216 /* PermissionRequestsView.swift */ = {isa = PBXFileReference; lastKnownFileType = sourcecode.swift; path = PermissionRequestsView.swift; sourceTree = "<group>"; };
		407AFF682A79139A00512216 /* AudioRooms-UIKit.app */ = {isa = PBXFileReference; explicitFileType = wrapper.application; includeInIndex = 0; path = "AudioRooms-UIKit.app"; sourceTree = BUILT_PRODUCTS_DIR; };
		407AFF6A2A79139A00512216 /* AppDelegate.swift */ = {isa = PBXFileReference; lastKnownFileType = sourcecode.swift; path = AppDelegate.swift; sourceTree = "<group>"; };
		407AFF6C2A79139A00512216 /* SceneDelegate.swift */ = {isa = PBXFileReference; lastKnownFileType = sourcecode.swift; path = SceneDelegate.swift; sourceTree = "<group>"; };
		407AFF6E2A79139A00512216 /* ContentViewController.swift */ = {isa = PBXFileReference; lastKnownFileType = sourcecode.swift; path = ContentViewController.swift; sourceTree = "<group>"; };
		407AFF732A79139D00512216 /* Assets.xcassets */ = {isa = PBXFileReference; lastKnownFileType = folder.assetcatalog; path = Assets.xcassets; sourceTree = "<group>"; };
		407AFF762A79139D00512216 /* Base */ = {isa = PBXFileReference; lastKnownFileType = file.storyboard; name = Base; path = Base.lproj/LaunchScreen.storyboard; sourceTree = "<group>"; };
		407AFF782A79139D00512216 /* Info.plist */ = {isa = PBXFileReference; lastKnownFileType = text.plist.xml; path = Info.plist; sourceTree = "<group>"; };
		407AFF812A791C1F00512216 /* UIView+Autolayout.swift */ = {isa = PBXFileReference; lastKnownFileType = sourcecode.swift; path = "UIView+Autolayout.swift"; sourceTree = "<group>"; };
		407AFF842A791F3600512216 /* ContentView.swift */ = {isa = PBXFileReference; lastKnownFileType = sourcecode.swift; path = ContentView.swift; sourceTree = "<group>"; };
		407AFF862A7922A500512216 /* DescriptionView.swift */ = {isa = PBXFileReference; lastKnownFileType = sourcecode.swift; path = DescriptionView.swift; sourceTree = "<group>"; };
		407AFF882A79239B00512216 /* UIStackView+Convenience.swift */ = {isa = PBXFileReference; lastKnownFileType = sourcecode.swift; path = "UIStackView+Convenience.swift"; sourceTree = "<group>"; };
		407AFF8A2A7924CE00512216 /* ParticipantsView.swift */ = {isa = PBXFileReference; lastKnownFileType = sourcecode.swift; path = ParticipantsView.swift; sourceTree = "<group>"; };
		407AFF8C2A7925B200512216 /* ControlsView.swift */ = {isa = PBXFileReference; lastKnownFileType = sourcecode.swift; path = ControlsView.swift; sourceTree = "<group>"; };
		407AFF8E2A793C1D00512216 /* MicButtonView.swift */ = {isa = PBXFileReference; lastKnownFileType = sourcecode.swift; path = MicButtonView.swift; sourceTree = "<group>"; };
		407AFF902A793CB500512216 /* LiveButtonView.swift */ = {isa = PBXFileReference; lastKnownFileType = sourcecode.swift; path = LiveButtonView.swift; sourceTree = "<group>"; };
		407AFF922A7947D200512216 /* ParticipantView.swift */ = {isa = PBXFileReference; lastKnownFileType = sourcecode.swift; path = ParticipantView.swift; sourceTree = "<group>"; };
		407AFF962A795F9700512216 /* PermissionRequestsView.swift */ = {isa = PBXFileReference; lastKnownFileType = sourcecode.swift; path = PermissionRequestsView.swift; sourceTree = "<group>"; };
		407AFF982A7967EE00512216 /* ParticipantsListHeader.swift */ = {isa = PBXFileReference; lastKnownFileType = sourcecode.swift; path = ParticipantsListHeader.swift; sourceTree = "<group>"; };
/* End PBXFileReference section */

/* Begin PBXFrameworksBuildPhase section */
		407AFF3A2A79105A00512216 /* Frameworks */ = {
			isa = PBXFrameworksBuildPhase;
			buildActionMask = 2147483647;
			files = (
				407AFF522A79109A00512216 /* StreamVideoSwiftUI in Frameworks */,
				407AFF502A79109A00512216 /* StreamVideo in Frameworks */,
			);
			runOnlyForDeploymentPostprocessing = 0;
		};
		407AFF652A79139A00512216 /* Frameworks */ = {
			isa = PBXFrameworksBuildPhase;
			buildActionMask = 2147483647;
			files = (
				407AFF7F2A7914A400512216 /* StreamVideo in Frameworks */,
				407AFF952A794AAD00512216 /* StreamVideoUIKit in Frameworks */,
			);
			runOnlyForDeploymentPostprocessing = 0;
		};
/* End PBXFrameworksBuildPhase section */

/* Begin PBXGroup section */
		407AFF342A79105A00512216 = {
			isa = PBXGroup;
			children = (
				407AFF3F2A79105A00512216 /* AudioRooms-SwiftUI */,
				407AFF692A79139A00512216 /* AudioRooms-UIKit */,
				407AFF3E2A79105A00512216 /* Products */,
				407AFF7D2A7914A400512216 /* Frameworks */,
			);
			sourceTree = "<group>";
		};
		407AFF3E2A79105A00512216 /* Products */ = {
			isa = PBXGroup;
			children = (
				407AFF3D2A79105A00512216 /* AudioRooms-SwiftUI.app */,
				407AFF682A79139A00512216 /* AudioRooms-UIKit.app */,
			);
			name = Products;
			sourceTree = "<group>";
		};
		407AFF3F2A79105A00512216 /* AudioRooms-SwiftUI */ = {
			isa = PBXGroup;
			children = (
				407AFF442A79105D00512216 /* Assets.xcassets */,
				407AFF402A79105A00512216 /* AudioRoomsApp.swift */,
				407AFF5A2A79116F00512216 /* ContentView.swift */,
				407AFF582A79115200512216 /* ControlsView.swift */,
				407AFF532A79110500512216 /* DescriptionView.swift */,
				407AFF5E2A79122100512216 /* LiveButtonView.swift */,
				407AFF5C2A79120900512216 /* MicButtonView.swift */,
				407AFF562A79112B00512216 /* ParticipantsView.swift */,
				407AFF602A79125100512216 /* ParticipantView.swift */,
				407AFF622A79127200512216 /* PermissionRequestsView.swift */,
				407AFF462A79105D00512216 /* Preview Content */,
			);
			path = "AudioRooms-SwiftUI";
			sourceTree = "<group>";
		};
		407AFF462A79105D00512216 /* Preview Content */ = {
			isa = PBXGroup;
			children = (
				407AFF472A79105D00512216 /* Preview Assets.xcassets */,
			);
			path = "Preview Content";
			sourceTree = "<group>";
		};
		407AFF692A79139A00512216 /* AudioRooms-UIKit */ = {
			isa = PBXGroup;
			children = (
				407AFF782A79139D00512216 /* Info.plist */,
				407AFF6A2A79139A00512216 /* AppDelegate.swift */,
				407AFF842A791F3600512216 /* ContentView.swift */,
				407AFF6E2A79139A00512216 /* ContentViewController.swift */,
				407AFF8C2A7925B200512216 /* ControlsView.swift */,
				407AFF862A7922A500512216 /* DescriptionView.swift */,
				407AFF902A793CB500512216 /* LiveButtonView.swift */,
				407AFF8E2A793C1D00512216 /* MicButtonView.swift */,
				407AFF982A7967EE00512216 /* ParticipantsListHeader.swift */,
				407AFF8A2A7924CE00512216 /* ParticipantsView.swift */,
				407AFF922A7947D200512216 /* ParticipantView.swift */,
				407AFF962A795F9700512216 /* PermissionRequestsView.swift */,
				407AFF6C2A79139A00512216 /* SceneDelegate.swift */,
				407AFF882A79239B00512216 /* UIStackView+Convenience.swift */,
				407AFF812A791C1F00512216 /* UIView+Autolayout.swift */,
				407AFF732A79139D00512216 /* Assets.xcassets */,
				407AFF752A79139D00512216 /* LaunchScreen.storyboard */,
			);
			path = "AudioRooms-UIKit";
			sourceTree = "<group>";
		};
		407AFF7D2A7914A400512216 /* Frameworks */ = {
			isa = PBXGroup;
			children = (
			);
			name = Frameworks;
			sourceTree = "<group>";
		};
/* End PBXGroup section */

/* Begin PBXNativeTarget section */
		407AFF3C2A79105A00512216 /* AudioRooms-SwiftUI */ = {
			isa = PBXNativeTarget;
			buildConfigurationList = 407AFF4B2A79105D00512216 /* Build configuration list for PBXNativeTarget "AudioRooms-SwiftUI" */;
			buildPhases = (
				407AFF392A79105A00512216 /* Sources */,
				407AFF3A2A79105A00512216 /* Frameworks */,
				407AFF3B2A79105A00512216 /* Resources */,
			);
			buildRules = (
			);
			dependencies = (
			);
			name = "AudioRooms-SwiftUI";
			packageProductDependencies = (
				407AFF4F2A79109A00512216 /* StreamVideo */,
				407AFF512A79109A00512216 /* StreamVideoSwiftUI */,
			);
			productName = AudioRooms;
			productReference = 407AFF3D2A79105A00512216 /* AudioRooms-SwiftUI.app */;
			productType = "com.apple.product-type.application";
		};
		407AFF672A79139A00512216 /* AudioRooms-UIKit */ = {
			isa = PBXNativeTarget;
			buildConfigurationList = 407AFF792A79139D00512216 /* Build configuration list for PBXNativeTarget "AudioRooms-UIKit" */;
			buildPhases = (
				407AFF642A79139A00512216 /* Sources */,
				407AFF652A79139A00512216 /* Frameworks */,
				407AFF662A79139A00512216 /* Resources */,
			);
			buildRules = (
			);
			dependencies = (
			);
			name = "AudioRooms-UIKit";
			packageProductDependencies = (
				407AFF7E2A7914A400512216 /* StreamVideo */,
				407AFF942A794AAD00512216 /* StreamVideoUIKit */,
			);
			productName = "AudioRooms-UIKit";
			productReference = 407AFF682A79139A00512216 /* AudioRooms-UIKit.app */;
			productType = "com.apple.product-type.application";
		};
/* End PBXNativeTarget section */

/* Begin PBXProject section */
		407AFF352A79105A00512216 /* Project object */ = {
			isa = PBXProject;
			attributes = {
				BuildIndependentTargetsInParallel = 1;
				LastSwiftUpdateCheck = 1500;
				LastUpgradeCheck = 1500;
				TargetAttributes = {
					407AFF3C2A79105A00512216 = {
						CreatedOnToolsVersion = 15.0;
					};
					407AFF672A79139A00512216 = {
						CreatedOnToolsVersion = 15.0;
					};
				};
			};
			buildConfigurationList = 407AFF382A79105A00512216 /* Build configuration list for PBXProject "AudioRooms" */;
			compatibilityVersion = "Xcode 14.0";
			developmentRegion = en;
			hasScannedForEncodings = 0;
			knownRegions = (
				en,
				Base,
			);
			mainGroup = 407AFF342A79105A00512216;
			packageReferences = (
				407AFF4E2A79109900512216 /* XCRemoteSwiftPackageReference "stream-video-swift" */,
			);
			productRefGroup = 407AFF3E2A79105A00512216 /* Products */;
			projectDirPath = "";
			projectRoot = "";
			targets = (
				407AFF3C2A79105A00512216 /* AudioRooms-SwiftUI */,
				407AFF672A79139A00512216 /* AudioRooms-UIKit */,
			);
		};
/* End PBXProject section */

/* Begin PBXResourcesBuildPhase section */
		407AFF3B2A79105A00512216 /* Resources */ = {
			isa = PBXResourcesBuildPhase;
			buildActionMask = 2147483647;
			files = (
				407AFF482A79105D00512216 /* Preview Assets.xcassets in Resources */,
				407AFF452A79105D00512216 /* Assets.xcassets in Resources */,
			);
			runOnlyForDeploymentPostprocessing = 0;
		};
		407AFF662A79139A00512216 /* Resources */ = {
			isa = PBXResourcesBuildPhase;
			buildActionMask = 2147483647;
			files = (
				407AFF772A79139D00512216 /* LaunchScreen.storyboard in Resources */,
				407AFF742A79139D00512216 /* Assets.xcassets in Resources */,
			);
			runOnlyForDeploymentPostprocessing = 0;
		};
/* End PBXResourcesBuildPhase section */

/* Begin PBXSourcesBuildPhase section */
		407AFF392A79105A00512216 /* Sources */ = {
			isa = PBXSourcesBuildPhase;
			buildActionMask = 2147483647;
			files = (
				407AFF5D2A79120900512216 /* MicButtonView.swift in Sources */,
				407AFF592A79115200512216 /* ControlsView.swift in Sources */,
				407AFF612A79125100512216 /* ParticipantView.swift in Sources */,
				407AFF5B2A79116F00512216 /* ContentView.swift in Sources */,
				407AFF412A79105A00512216 /* AudioRoomsApp.swift in Sources */,
				407AFF632A79127200512216 /* PermissionRequestsView.swift in Sources */,
				407AFF542A79110500512216 /* DescriptionView.swift in Sources */,
				407AFF5F2A79122100512216 /* LiveButtonView.swift in Sources */,
				407AFF572A79112B00512216 /* ParticipantsView.swift in Sources */,
			);
			runOnlyForDeploymentPostprocessing = 0;
		};
		407AFF642A79139A00512216 /* Sources */ = {
			isa = PBXSourcesBuildPhase;
			buildActionMask = 2147483647;
			files = (
				407AFF6F2A79139A00512216 /* ContentViewController.swift in Sources */,
				407AFF8D2A7925B200512216 /* ControlsView.swift in Sources */,
				407AFF992A7967EE00512216 /* ParticipantsListHeader.swift in Sources */,
				407AFF852A791F3600512216 /* ContentView.swift in Sources */,
				407AFF892A79239B00512216 /* UIStackView+Convenience.swift in Sources */,
				407AFF832A791CDD00512216 /* UIView+Autolayout.swift in Sources */,
				407AFF872A7922A500512216 /* DescriptionView.swift in Sources */,
				407AFF932A7947D200512216 /* ParticipantView.swift in Sources */,
				407AFF6B2A79139A00512216 /* AppDelegate.swift in Sources */,
				407AFF8B2A7924CE00512216 /* ParticipantsView.swift in Sources */,
				407AFF912A793CB500512216 /* LiveButtonView.swift in Sources */,
				407AFF972A795F9700512216 /* PermissionRequestsView.swift in Sources */,
				407AFF8F2A793C1D00512216 /* MicButtonView.swift in Sources */,
				407AFF6D2A79139A00512216 /* SceneDelegate.swift in Sources */,
			);
			runOnlyForDeploymentPostprocessing = 0;
		};
/* End PBXSourcesBuildPhase section */

/* Begin PBXVariantGroup section */
		407AFF752A79139D00512216 /* LaunchScreen.storyboard */ = {
			isa = PBXVariantGroup;
			children = (
				407AFF762A79139D00512216 /* Base */,
			);
			name = LaunchScreen.storyboard;
			sourceTree = "<group>";
		};
/* End PBXVariantGroup section */

/* Begin XCBuildConfiguration section */
		407AFF492A79105D00512216 /* Debug */ = {
			isa = XCBuildConfiguration;
			buildSettings = {
				ALWAYS_SEARCH_USER_PATHS = NO;
				ASSETCATALOG_COMPILER_GENERATE_SWIFT_ASSET_SYMBOL_EXTENSIONS = YES;
				CLANG_ANALYZER_NONNULL = YES;
				CLANG_ANALYZER_NUMBER_OBJECT_CONVERSION = YES_AGGRESSIVE;
				CLANG_CXX_LANGUAGE_STANDARD = "gnu++20";
				CLANG_ENABLE_MODULES = YES;
				CLANG_ENABLE_OBJC_ARC = YES;
				CLANG_ENABLE_OBJC_WEAK = YES;
				CLANG_WARN_BLOCK_CAPTURE_AUTORELEASING = YES;
				CLANG_WARN_BOOL_CONVERSION = YES;
				CLANG_WARN_COMMA = YES;
				CLANG_WARN_CONSTANT_CONVERSION = YES;
				CLANG_WARN_DEPRECATED_OBJC_IMPLEMENTATIONS = YES;
				CLANG_WARN_DIRECT_OBJC_ISA_USAGE = YES_ERROR;
				CLANG_WARN_DOCUMENTATION_COMMENTS = YES;
				CLANG_WARN_EMPTY_BODY = YES;
				CLANG_WARN_ENUM_CONVERSION = YES;
				CLANG_WARN_INFINITE_RECURSION = YES;
				CLANG_WARN_INT_CONVERSION = YES;
				CLANG_WARN_NON_LITERAL_NULL_CONVERSION = YES;
				CLANG_WARN_OBJC_IMPLICIT_RETAIN_SELF = YES;
				CLANG_WARN_OBJC_LITERAL_CONVERSION = YES;
				CLANG_WARN_OBJC_ROOT_CLASS = YES_ERROR;
				CLANG_WARN_QUOTED_INCLUDE_IN_FRAMEWORK_HEADER = YES;
				CLANG_WARN_RANGE_LOOP_ANALYSIS = YES;
				CLANG_WARN_STRICT_PROTOTYPES = YES;
				CLANG_WARN_SUSPICIOUS_MOVE = YES;
				CLANG_WARN_UNGUARDED_AVAILABILITY = YES_AGGRESSIVE;
				CLANG_WARN_UNREACHABLE_CODE = YES;
				CLANG_WARN__DUPLICATE_METHOD_MATCH = YES;
				COPY_PHASE_STRIP = NO;
				DEBUG_INFORMATION_FORMAT = dwarf;
				ENABLE_STRICT_OBJC_MSGSEND = YES;
				ENABLE_TESTABILITY = YES;
				ENABLE_USER_SCRIPT_SANDBOXING = YES;
				GCC_C_LANGUAGE_STANDARD = gnu17;
				GCC_DYNAMIC_NO_PIC = NO;
				GCC_NO_COMMON_BLOCKS = YES;
				GCC_OPTIMIZATION_LEVEL = 0;
				GCC_PREPROCESSOR_DEFINITIONS = (
					"DEBUG=1",
					"$(inherited)",
				);
				GCC_WARN_64_TO_32_BIT_CONVERSION = YES;
				GCC_WARN_ABOUT_RETURN_TYPE = YES_ERROR;
				GCC_WARN_UNDECLARED_SELECTOR = YES;
				GCC_WARN_UNINITIALIZED_AUTOS = YES_AGGRESSIVE;
				GCC_WARN_UNUSED_FUNCTION = YES;
				GCC_WARN_UNUSED_VARIABLE = YES;
				IPHONEOS_DEPLOYMENT_TARGET = 17.0;
				LOCALIZATION_PREFERS_STRING_CATALOGS = YES;
				MTL_ENABLE_DEBUG_INFO = INCLUDE_SOURCE;
				MTL_FAST_MATH = YES;
				ONLY_ACTIVE_ARCH = YES;
				SDKROOT = iphoneos;
				SWIFT_ACTIVE_COMPILATION_CONDITIONS = "DEBUG $(inherited)";
				SWIFT_OPTIMIZATION_LEVEL = "-Onone";
			};
			name = Debug;
		};
		407AFF4A2A79105D00512216 /* Release */ = {
			isa = XCBuildConfiguration;
			buildSettings = {
				ALWAYS_SEARCH_USER_PATHS = NO;
				ASSETCATALOG_COMPILER_GENERATE_SWIFT_ASSET_SYMBOL_EXTENSIONS = YES;
				CLANG_ANALYZER_NONNULL = YES;
				CLANG_ANALYZER_NUMBER_OBJECT_CONVERSION = YES_AGGRESSIVE;
				CLANG_CXX_LANGUAGE_STANDARD = "gnu++20";
				CLANG_ENABLE_MODULES = YES;
				CLANG_ENABLE_OBJC_ARC = YES;
				CLANG_ENABLE_OBJC_WEAK = YES;
				CLANG_WARN_BLOCK_CAPTURE_AUTORELEASING = YES;
				CLANG_WARN_BOOL_CONVERSION = YES;
				CLANG_WARN_COMMA = YES;
				CLANG_WARN_CONSTANT_CONVERSION = YES;
				CLANG_WARN_DEPRECATED_OBJC_IMPLEMENTATIONS = YES;
				CLANG_WARN_DIRECT_OBJC_ISA_USAGE = YES_ERROR;
				CLANG_WARN_DOCUMENTATION_COMMENTS = YES;
				CLANG_WARN_EMPTY_BODY = YES;
				CLANG_WARN_ENUM_CONVERSION = YES;
				CLANG_WARN_INFINITE_RECURSION = YES;
				CLANG_WARN_INT_CONVERSION = YES;
				CLANG_WARN_NON_LITERAL_NULL_CONVERSION = YES;
				CLANG_WARN_OBJC_IMPLICIT_RETAIN_SELF = YES;
				CLANG_WARN_OBJC_LITERAL_CONVERSION = YES;
				CLANG_WARN_OBJC_ROOT_CLASS = YES_ERROR;
				CLANG_WARN_QUOTED_INCLUDE_IN_FRAMEWORK_HEADER = YES;
				CLANG_WARN_RANGE_LOOP_ANALYSIS = YES;
				CLANG_WARN_STRICT_PROTOTYPES = YES;
				CLANG_WARN_SUSPICIOUS_MOVE = YES;
				CLANG_WARN_UNGUARDED_AVAILABILITY = YES_AGGRESSIVE;
				CLANG_WARN_UNREACHABLE_CODE = YES;
				CLANG_WARN__DUPLICATE_METHOD_MATCH = YES;
				COPY_PHASE_STRIP = NO;
				DEBUG_INFORMATION_FORMAT = "dwarf-with-dsym";
				ENABLE_NS_ASSERTIONS = NO;
				ENABLE_STRICT_OBJC_MSGSEND = YES;
				ENABLE_USER_SCRIPT_SANDBOXING = YES;
				GCC_C_LANGUAGE_STANDARD = gnu17;
				GCC_NO_COMMON_BLOCKS = YES;
				GCC_WARN_64_TO_32_BIT_CONVERSION = YES;
				GCC_WARN_ABOUT_RETURN_TYPE = YES_ERROR;
				GCC_WARN_UNDECLARED_SELECTOR = YES;
				GCC_WARN_UNINITIALIZED_AUTOS = YES_AGGRESSIVE;
				GCC_WARN_UNUSED_FUNCTION = YES;
				GCC_WARN_UNUSED_VARIABLE = YES;
				IPHONEOS_DEPLOYMENT_TARGET = 17.0;
				LOCALIZATION_PREFERS_STRING_CATALOGS = YES;
				MTL_ENABLE_DEBUG_INFO = NO;
				MTL_FAST_MATH = YES;
				SDKROOT = iphoneos;
				SWIFT_COMPILATION_MODE = wholemodule;
				VALIDATE_PRODUCT = YES;
			};
			name = Release;
		};
		407AFF4C2A79105D00512216 /* Debug */ = {
			isa = XCBuildConfiguration;
			buildSettings = {
				ASSETCATALOG_COMPILER_APPICON_NAME = AppIcon;
				ASSETCATALOG_COMPILER_GLOBAL_ACCENT_COLOR_NAME = AccentColor;
				CODE_SIGN_STYLE = Automatic;
				CURRENT_PROJECT_VERSION = 1;
				DEVELOPMENT_ASSET_PATHS = "\"AudioRooms-SwiftUI/Preview Content\"";
				DEVELOPMENT_TEAM = EHV7XZLAHA;
				ENABLE_PREVIEWS = YES;
				GENERATE_INFOPLIST_FILE = YES;
				INFOPLIST_KEY_NSMicrophoneUsageDescription = "AudioRooms requires microphone access in order to capture and transmit audio";
				INFOPLIST_KEY_UIApplicationSceneManifest_Generation = YES;
				INFOPLIST_KEY_UIApplicationSupportsIndirectInputEvents = YES;
				INFOPLIST_KEY_UILaunchScreen_Generation = YES;
				INFOPLIST_KEY_UISupportedInterfaceOrientations_iPad = "UIInterfaceOrientationPortrait UIInterfaceOrientationPortraitUpsideDown UIInterfaceOrientationLandscapeLeft UIInterfaceOrientationLandscapeRight";
				INFOPLIST_KEY_UISupportedInterfaceOrientations_iPhone = "UIInterfaceOrientationPortrait UIInterfaceOrientationLandscapeLeft UIInterfaceOrientationLandscapeRight";
				LD_RUNPATH_SEARCH_PATHS = (
					"$(inherited)",
					"@executable_path/Frameworks",
				);
				MARKETING_VERSION = 1.0;
				PRODUCT_BUNDLE_IDENTIFIER = io.getstream.tutorial.audioroom.audiorooms.swiftui;
				PRODUCT_NAME = "$(TARGET_NAME)";
				SWIFT_EMIT_LOC_STRINGS = YES;
				SWIFT_VERSION = 5.0;
				TARGETED_DEVICE_FAMILY = "1,2";
			};
			name = Debug;
		};
		407AFF4D2A79105D00512216 /* Release */ = {
			isa = XCBuildConfiguration;
			buildSettings = {
				ASSETCATALOG_COMPILER_APPICON_NAME = AppIcon;
				ASSETCATALOG_COMPILER_GLOBAL_ACCENT_COLOR_NAME = AccentColor;
				CODE_SIGN_STYLE = Automatic;
				CURRENT_PROJECT_VERSION = 1;
				DEVELOPMENT_ASSET_PATHS = "\"AudioRooms-SwiftUI/Preview Content\"";
				DEVELOPMENT_TEAM = EHV7XZLAHA;
				ENABLE_PREVIEWS = YES;
				GENERATE_INFOPLIST_FILE = YES;
				INFOPLIST_KEY_NSMicrophoneUsageDescription = "AudioRooms requires microphone access in order to capture and transmit audio";
				INFOPLIST_KEY_UIApplicationSceneManifest_Generation = YES;
				INFOPLIST_KEY_UIApplicationSupportsIndirectInputEvents = YES;
				INFOPLIST_KEY_UILaunchScreen_Generation = YES;
				INFOPLIST_KEY_UISupportedInterfaceOrientations_iPad = "UIInterfaceOrientationPortrait UIInterfaceOrientationPortraitUpsideDown UIInterfaceOrientationLandscapeLeft UIInterfaceOrientationLandscapeRight";
				INFOPLIST_KEY_UISupportedInterfaceOrientations_iPhone = "UIInterfaceOrientationPortrait UIInterfaceOrientationLandscapeLeft UIInterfaceOrientationLandscapeRight";
				LD_RUNPATH_SEARCH_PATHS = (
					"$(inherited)",
					"@executable_path/Frameworks",
				);
				MARKETING_VERSION = 1.0;
				PRODUCT_BUNDLE_IDENTIFIER = io.getstream.tutorial.audioroom.audiorooms.swiftui;
				PRODUCT_NAME = "$(TARGET_NAME)";
				SWIFT_EMIT_LOC_STRINGS = YES;
				SWIFT_VERSION = 5.0;
				TARGETED_DEVICE_FAMILY = "1,2";
			};
			name = Release;
		};
		407AFF7A2A79139D00512216 /* Debug */ = {
			isa = XCBuildConfiguration;
			buildSettings = {
				ASSETCATALOG_COMPILER_APPICON_NAME = AppIcon;
				ASSETCATALOG_COMPILER_GLOBAL_ACCENT_COLOR_NAME = AccentColor;
				CODE_SIGN_STYLE = Automatic;
				CURRENT_PROJECT_VERSION = 1;
				DEVELOPMENT_TEAM = EHV7XZLAHA;
				GENERATE_INFOPLIST_FILE = YES;
				INFOPLIST_FILE = "AudioRooms-UIKit/Info.plist";
				INFOPLIST_KEY_NSMicrophoneUsageDescription = "AudioRooms requires microphone access in order to capture and transmit audio";
				INFOPLIST_KEY_UIApplicationSupportsIndirectInputEvents = YES;
				INFOPLIST_KEY_UILaunchStoryboardName = LaunchScreen;
				INFOPLIST_KEY_UIMainStoryboardFile = "";
				INFOPLIST_KEY_UISupportedInterfaceOrientations_iPad = "UIInterfaceOrientationPortrait UIInterfaceOrientationPortraitUpsideDown UIInterfaceOrientationLandscapeLeft UIInterfaceOrientationLandscapeRight";
				INFOPLIST_KEY_UISupportedInterfaceOrientations_iPhone = "UIInterfaceOrientationPortrait UIInterfaceOrientationLandscapeLeft UIInterfaceOrientationLandscapeRight";
				LD_RUNPATH_SEARCH_PATHS = (
					"$(inherited)",
					"@executable_path/Frameworks",
				);
				MARKETING_VERSION = 1.0;
				PRODUCT_BUNDLE_IDENTIFIER = "io.getstream.tutorial.audiorooms.uikit.AudioRooms-UIKit";
				PRODUCT_NAME = "$(TARGET_NAME)";
				SWIFT_EMIT_LOC_STRINGS = YES;
				SWIFT_VERSION = 5.0;
				TARGETED_DEVICE_FAMILY = "1,2";
			};
			name = Debug;
		};
		407AFF7B2A79139D00512216 /* Release */ = {
			isa = XCBuildConfiguration;
			buildSettings = {
				ASSETCATALOG_COMPILER_APPICON_NAME = AppIcon;
				ASSETCATALOG_COMPILER_GLOBAL_ACCENT_COLOR_NAME = AccentColor;
				CODE_SIGN_STYLE = Automatic;
				CURRENT_PROJECT_VERSION = 1;
				DEVELOPMENT_TEAM = EHV7XZLAHA;
				GENERATE_INFOPLIST_FILE = YES;
				INFOPLIST_FILE = "AudioRooms-UIKit/Info.plist";
				INFOPLIST_KEY_NSMicrophoneUsageDescription = "AudioRooms requires microphone access in order to capture and transmit audio";
				INFOPLIST_KEY_UIApplicationSupportsIndirectInputEvents = YES;
				INFOPLIST_KEY_UILaunchStoryboardName = LaunchScreen;
				INFOPLIST_KEY_UIMainStoryboardFile = "";
				INFOPLIST_KEY_UISupportedInterfaceOrientations_iPad = "UIInterfaceOrientationPortrait UIInterfaceOrientationPortraitUpsideDown UIInterfaceOrientationLandscapeLeft UIInterfaceOrientationLandscapeRight";
				INFOPLIST_KEY_UISupportedInterfaceOrientations_iPhone = "UIInterfaceOrientationPortrait UIInterfaceOrientationLandscapeLeft UIInterfaceOrientationLandscapeRight";
				LD_RUNPATH_SEARCH_PATHS = (
					"$(inherited)",
					"@executable_path/Frameworks",
				);
				MARKETING_VERSION = 1.0;
				PRODUCT_BUNDLE_IDENTIFIER = "io.getstream.tutorial.audiorooms.uikit.AudioRooms-UIKit";
				PRODUCT_NAME = "$(TARGET_NAME)";
				SWIFT_EMIT_LOC_STRINGS = YES;
				SWIFT_VERSION = 5.0;
				TARGETED_DEVICE_FAMILY = "1,2";
			};
			name = Release;
		};
/* End XCBuildConfiguration section */

/* Begin XCConfigurationList section */
		407AFF382A79105A00512216 /* Build configuration list for PBXProject "AudioRooms" */ = {
			isa = XCConfigurationList;
			buildConfigurations = (
				407AFF492A79105D00512216 /* Debug */,
				407AFF4A2A79105D00512216 /* Release */,
			);
			defaultConfigurationIsVisible = 0;
			defaultConfigurationName = Release;
		};
		407AFF4B2A79105D00512216 /* Build configuration list for PBXNativeTarget "AudioRooms-SwiftUI" */ = {
			isa = XCConfigurationList;
			buildConfigurations = (
				407AFF4C2A79105D00512216 /* Debug */,
				407AFF4D2A79105D00512216 /* Release */,
			);
			defaultConfigurationIsVisible = 0;
			defaultConfigurationName = Release;
		};
		407AFF792A79139D00512216 /* Build configuration list for PBXNativeTarget "AudioRooms-UIKit" */ = {
			isa = XCConfigurationList;
			buildConfigurations = (
				407AFF7A2A79139D00512216 /* Debug */,
				407AFF7B2A79139D00512216 /* Release */,
			);
			defaultConfigurationIsVisible = 0;
			defaultConfigurationName = Release;
		};
/* End XCConfigurationList section */

/* Begin XCRemoteSwiftPackageReference section */
		407AFF4E2A79109900512216 /* XCRemoteSwiftPackageReference "stream-video-swift" */ = {
			isa = XCRemoteSwiftPackageReference;
			repositoryURL = "https://github.com/GetStream/stream-video-swift";
			requirement = {
				branch = main;
				kind = branch;
			};
		};
/* End XCRemoteSwiftPackageReference section */

/* Begin XCSwiftPackageProductDependency section */
		407AFF4F2A79109A00512216 /* StreamVideo */ = {
			isa = XCSwiftPackageProductDependency;
			package = 407AFF4E2A79109900512216 /* XCRemoteSwiftPackageReference "stream-video-swift" */;
			productName = StreamVideo;
		};
		407AFF512A79109A00512216 /* StreamVideoSwiftUI */ = {
			isa = XCSwiftPackageProductDependency;
			package = 407AFF4E2A79109900512216 /* XCRemoteSwiftPackageReference "stream-video-swift" */;
			productName = StreamVideoSwiftUI;
		};
		407AFF7E2A7914A400512216 /* StreamVideo */ = {
			isa = XCSwiftPackageProductDependency;
			package = 407AFF4E2A79109900512216 /* XCRemoteSwiftPackageReference "stream-video-swift" */;
			productName = StreamVideo;
		};
		407AFF942A794AAD00512216 /* StreamVideoUIKit */ = {
			isa = XCSwiftPackageProductDependency;
			package = 407AFF4E2A79109900512216 /* XCRemoteSwiftPackageReference "stream-video-swift" */;
			productName = StreamVideoUIKit;
		};
/* End XCSwiftPackageProductDependency section */
	};
	rootObject = 407AFF352A79105A00512216 /* Project object */;
}
