// !$*UTF8*$!
{
	archiveVersion = 1;
	classes = {
	};
	objectVersion = 56;
	objects = {

/* Begin PBXBuildFile section */
		8469594C29BFC0B400134EA0 /* UICookbookApp.swift in Sources */ = {isa = PBXBuildFile; fileRef = 8469594B29BFC0B400134EA0 /* UICookbookApp.swift */; };
		8469595029BFC0B600134EA0 /* Assets.xcassets in Resources */ = {isa = PBXBuildFile; fileRef = 8469594F29BFC0B600134EA0 /* Assets.xcassets */; };
		8469595329BFC0B600134EA0 /* Preview Assets.xcassets in Resources */ = {isa = PBXBuildFile; fileRef = 8469595229BFC0B600134EA0 /* Preview Assets.xcassets */; };
		8469595A29BFC21B00134EA0 /* AppState.swift in Sources */ = {isa = PBXBuildFile; fileRef = 8469595929BFC21B00134EA0 /* AppState.swift */; };
		8469596029BFC24100134EA0 /* LoginView.swift in Sources */ = {isa = PBXBuildFile; fileRef = 8469595D29BFC24000134EA0 /* LoginView.swift */; };
		8469596129BFC24100134EA0 /* HTTPClient.swift in Sources */ = {isa = PBXBuildFile; fileRef = 8469595E29BFC24000134EA0 /* HTTPClient.swift */; };
		8469596229BFC24100134EA0 /* TokenService.swift in Sources */ = {isa = PBXBuildFile; fileRef = 8469595F29BFC24000134EA0 /* TokenService.swift */; };
		8469596529BFC28700134EA0 /* StreamVideo in Frameworks */ = {isa = PBXBuildFile; productRef = 8469596429BFC28700134EA0 /* StreamVideo */; };
		8469596729BFC28700134EA0 /* StreamVideoSwiftUI in Frameworks */ = {isa = PBXBuildFile; productRef = 8469596629BFC28700134EA0 /* StreamVideoSwiftUI */; };
		8469596929BFC30B00134EA0 /* LocalStorage.swift in Sources */ = {isa = PBXBuildFile; fileRef = 8469596829BFC30B00134EA0 /* LocalStorage.swift */; };
		8469596B29BFC33200134EA0 /* UserCredentials.swift in Sources */ = {isa = PBXBuildFile; fileRef = 8469596A29BFC33200134EA0 /* UserCredentials.swift */; };
		8469596D29BFC35F00134EA0 /* HomeView.swift in Sources */ = {isa = PBXBuildFile; fileRef = 8469596C29BFC35F00134EA0 /* HomeView.swift */; };
		8469597029BFC5C100134EA0 /* CallView.swift in Sources */ = {isa = PBXBuildFile; fileRef = 8469596F29BFC5C100134EA0 /* CallView.swift */; };
		8469597229BFC99100134EA0 /* CallControlsView.swift in Sources */ = {isa = PBXBuildFile; fileRef = 8469597129BFC99100134EA0 /* CallControlsView.swift */; };
/* End PBXBuildFile section */

/* Begin PBXFileReference section */
		8469594829BFC0B400134EA0 /* UICookbook.app */ = {isa = PBXFileReference; explicitFileType = wrapper.application; includeInIndex = 0; path = UICookbook.app; sourceTree = BUILT_PRODUCTS_DIR; };
		8469594B29BFC0B400134EA0 /* UICookbookApp.swift */ = {isa = PBXFileReference; lastKnownFileType = sourcecode.swift; path = UICookbookApp.swift; sourceTree = "<group>"; };
		8469594F29BFC0B600134EA0 /* Assets.xcassets */ = {isa = PBXFileReference; lastKnownFileType = folder.assetcatalog; path = Assets.xcassets; sourceTree = "<group>"; };
		8469595229BFC0B600134EA0 /* Preview Assets.xcassets */ = {isa = PBXFileReference; lastKnownFileType = folder.assetcatalog; path = "Preview Assets.xcassets"; sourceTree = "<group>"; };
		8469595929BFC21B00134EA0 /* AppState.swift */ = {isa = PBXFileReference; lastKnownFileType = sourcecode.swift; path = AppState.swift; sourceTree = "<group>"; };
		8469595D29BFC24000134EA0 /* LoginView.swift */ = {isa = PBXFileReference; fileEncoding = 4; lastKnownFileType = sourcecode.swift; path = LoginView.swift; sourceTree = "<group>"; };
		8469595E29BFC24000134EA0 /* HTTPClient.swift */ = {isa = PBXFileReference; fileEncoding = 4; lastKnownFileType = sourcecode.swift; name = HTTPClient.swift; path = ../../../AudioRooms/AudioRooms/Features/Login/HTTPClient.swift; sourceTree = "<group>"; };
		8469595F29BFC24000134EA0 /* TokenService.swift */ = {isa = PBXFileReference; fileEncoding = 4; lastKnownFileType = sourcecode.swift; name = TokenService.swift; path = ../../../AudioRooms/AudioRooms/Features/Login/TokenService.swift; sourceTree = "<group>"; };
		8469596829BFC30B00134EA0 /* LocalStorage.swift */ = {isa = PBXFileReference; lastKnownFileType = sourcecode.swift; path = LocalStorage.swift; sourceTree = "<group>"; };
		8469596A29BFC33200134EA0 /* UserCredentials.swift */ = {isa = PBXFileReference; lastKnownFileType = sourcecode.swift; path = UserCredentials.swift; sourceTree = "<group>"; };
		8469596C29BFC35F00134EA0 /* HomeView.swift */ = {isa = PBXFileReference; lastKnownFileType = sourcecode.swift; path = HomeView.swift; sourceTree = "<group>"; };
		8469596F29BFC5C100134EA0 /* CallView.swift */ = {isa = PBXFileReference; lastKnownFileType = sourcecode.swift; path = CallView.swift; sourceTree = "<group>"; };
		8469597129BFC99100134EA0 /* CallControlsView.swift */ = {isa = PBXFileReference; lastKnownFileType = sourcecode.swift; path = CallControlsView.swift; sourceTree = "<group>"; };
		8479F83029C08266009ECE37 /* stream-video-swift */ = {isa = PBXFileReference; lastKnownFileType = wrapper; name = "stream-video-swift"; path = "../../stream-video-swift"; sourceTree = "<group>"; };
		8479F83229C09591009ECE37 /* Info.plist */ = {isa = PBXFileReference; lastKnownFileType = text.plist; path = Info.plist; sourceTree = "<group>"; };
/* End PBXFileReference section */

/* Begin PBXFrameworksBuildPhase section */
		8469594529BFC0B400134EA0 /* Frameworks */ = {
			isa = PBXFrameworksBuildPhase;
			buildActionMask = 2147483647;
			files = (
				8469596729BFC28700134EA0 /* StreamVideoSwiftUI in Frameworks */,
				8469596529BFC28700134EA0 /* StreamVideo in Frameworks */,
			);
			runOnlyForDeploymentPostprocessing = 0;
		};
/* End PBXFrameworksBuildPhase section */

/* Begin PBXGroup section */
		8469593F29BFC0B300134EA0 = {
			isa = PBXGroup;
			children = (
				8479F83029C08266009ECE37 /* stream-video-swift */,
				8469594A29BFC0B400134EA0 /* UICookbook */,
				8469594929BFC0B400134EA0 /* Products */,
			);
			sourceTree = "<group>";
		};
		8469594929BFC0B400134EA0 /* Products */ = {
			isa = PBXGroup;
			children = (
				8469594829BFC0B400134EA0 /* UICookbook.app */,
			);
			name = Products;
			sourceTree = "<group>";
		};
		8469594A29BFC0B400134EA0 /* UICookbook */ = {
			isa = PBXGroup;
			children = (
				8479F83229C09591009ECE37 /* Info.plist */,
				8469596E29BFC49300134EA0 /* CallView */,
				8469595B29BFC22800134EA0 /* Login */,
				8469594B29BFC0B400134EA0 /* UICookbookApp.swift */,
				8469595929BFC21B00134EA0 /* AppState.swift */,
				8469596C29BFC35F00134EA0 /* HomeView.swift */,
				8469594F29BFC0B600134EA0 /* Assets.xcassets */,
				8469595129BFC0B600134EA0 /* Preview Content */,
			);
			path = UICookbook;
			sourceTree = "<group>";
		};
		8469595129BFC0B600134EA0 /* Preview Content */ = {
			isa = PBXGroup;
			children = (
				8469595229BFC0B600134EA0 /* Preview Assets.xcassets */,
			);
			path = "Preview Content";
			sourceTree = "<group>";
		};
		8469595B29BFC22800134EA0 /* Login */ = {
			isa = PBXGroup;
			children = (
				8469595E29BFC24000134EA0 /* HTTPClient.swift */,
				8469595F29BFC24000134EA0 /* TokenService.swift */,
				8469595C29BFC24000134EA0 /* View */,
				8469596829BFC30B00134EA0 /* LocalStorage.swift */,
				8469596A29BFC33200134EA0 /* UserCredentials.swift */,
			);
			path = Login;
			sourceTree = "<group>";
		};
		8469595C29BFC24000134EA0 /* View */ = {
			isa = PBXGroup;
			children = (
				8469595D29BFC24000134EA0 /* LoginView.swift */,
			);
			name = View;
			path = ../../../AudioRooms/AudioRooms/Features/Login/View;
			sourceTree = "<group>";
		};
		8469596E29BFC49300134EA0 /* CallView */ = {
			isa = PBXGroup;
			children = (
				8469596F29BFC5C100134EA0 /* CallView.swift */,
				8469597129BFC99100134EA0 /* CallControlsView.swift */,
			);
			path = CallView;
			sourceTree = "<group>";
		};
/* End PBXGroup section */

/* Begin PBXNativeTarget section */
		8469594729BFC0B400134EA0 /* UICookbook */ = {
			isa = PBXNativeTarget;
			buildConfigurationList = 8469595629BFC0B600134EA0 /* Build configuration list for PBXNativeTarget "UICookbook" */;
			buildPhases = (
				8469594429BFC0B400134EA0 /* Sources */,
				8469594529BFC0B400134EA0 /* Frameworks */,
				8469594629BFC0B400134EA0 /* Resources */,
			);
			buildRules = (
			);
			dependencies = (
			);
			name = UICookbook;
			packageProductDependencies = (
				8469596429BFC28700134EA0 /* StreamVideo */,
				8469596629BFC28700134EA0 /* StreamVideoSwiftUI */,
			);
			productName = UICookbook;
			productReference = 8469594829BFC0B400134EA0 /* UICookbook.app */;
			productType = "com.apple.product-type.application";
		};
/* End PBXNativeTarget section */

/* Begin PBXProject section */
		8469594029BFC0B400134EA0 /* Project object */ = {
			isa = PBXProject;
			attributes = {
				BuildIndependentTargetsInParallel = 1;
				LastSwiftUpdateCheck = 1420;
				LastUpgradeCheck = 1420;
				TargetAttributes = {
					8469594729BFC0B400134EA0 = {
						CreatedOnToolsVersion = 14.2;
					};
				};
			};
			buildConfigurationList = 8469594329BFC0B400134EA0 /* Build configuration list for PBXProject "UICookbook" */;
			compatibilityVersion = "Xcode 14.0";
			developmentRegion = en;
			hasScannedForEncodings = 0;
			knownRegions = (
				en,
				Base,
			);
			mainGroup = 8469593F29BFC0B300134EA0;
			packageReferences = (
				8469596329BFC28700134EA0 /* XCRemoteSwiftPackageReference "stream-video-swift" */,
			);
			productRefGroup = 8469594929BFC0B400134EA0 /* Products */;
			projectDirPath = "";
			projectRoot = "";
			targets = (
				8469594729BFC0B400134EA0 /* UICookbook */,
			);
		};
/* End PBXProject section */

/* Begin PBXResourcesBuildPhase section */
		8469594629BFC0B400134EA0 /* Resources */ = {
			isa = PBXResourcesBuildPhase;
			buildActionMask = 2147483647;
			files = (
				8469595329BFC0B600134EA0 /* Preview Assets.xcassets in Resources */,
				8469595029BFC0B600134EA0 /* Assets.xcassets in Resources */,
			);
			runOnlyForDeploymentPostprocessing = 0;
		};
/* End PBXResourcesBuildPhase section */

/* Begin PBXSourcesBuildPhase section */
		8469594429BFC0B400134EA0 /* Sources */ = {
			isa = PBXSourcesBuildPhase;
			buildActionMask = 2147483647;
			files = (
				8469596D29BFC35F00134EA0 /* HomeView.swift in Sources */,
				8469595A29BFC21B00134EA0 /* AppState.swift in Sources */,
				8469597229BFC99100134EA0 /* CallControlsView.swift in Sources */,
				8469596129BFC24100134EA0 /* HTTPClient.swift in Sources */,
				8469597029BFC5C100134EA0 /* CallView.swift in Sources */,
				8469596229BFC24100134EA0 /* TokenService.swift in Sources */,
				8469596029BFC24100134EA0 /* LoginView.swift in Sources */,
				8469596B29BFC33200134EA0 /* UserCredentials.swift in Sources */,
				8469596929BFC30B00134EA0 /* LocalStorage.swift in Sources */,
				8469594C29BFC0B400134EA0 /* UICookbookApp.swift in Sources */,
			);
			runOnlyForDeploymentPostprocessing = 0;
		};
/* End PBXSourcesBuildPhase section */

/* Begin XCBuildConfiguration section */
		8469595429BFC0B600134EA0 /* Debug */ = {
			isa = XCBuildConfiguration;
			buildSettings = {
				ALWAYS_SEARCH_USER_PATHS = NO;
				CLANG_ANALYZER_NONNULL = YES;
				CLANG_ANALYZER_NUMBER_OBJECT_CONVERSION = YES_AGGRESSIVE;
				CLANG_CXX_LANGUAGE_STANDARD = "gnu++20";
				CLANG_ENABLE_MODULES = YES;
				CLANG_ENABLE_OBJC_ARC = YES;
				CLANG_ENABLE_OBJC_WEAK = YES;
				CLANG_WARN_BLOCK_CAPTURE_AUTORELEASING = YES;
				CLANG_WARN_BOOL_CONVERSION = YES;
				CLANG_WARN_COMMA = YES;
				CLANG_WARN_CONSTANT_CONVERSION = YES;
				CLANG_WARN_DEPRECATED_OBJC_IMPLEMENTATIONS = YES;
				CLANG_WARN_DIRECT_OBJC_ISA_USAGE = YES_ERROR;
				CLANG_WARN_DOCUMENTATION_COMMENTS = YES;
				CLANG_WARN_EMPTY_BODY = YES;
				CLANG_WARN_ENUM_CONVERSION = YES;
				CLANG_WARN_INFINITE_RECURSION = YES;
				CLANG_WARN_INT_CONVERSION = YES;
				CLANG_WARN_NON_LITERAL_NULL_CONVERSION = YES;
				CLANG_WARN_OBJC_IMPLICIT_RETAIN_SELF = YES;
				CLANG_WARN_OBJC_LITERAL_CONVERSION = YES;
				CLANG_WARN_OBJC_ROOT_CLASS = YES_ERROR;
				CLANG_WARN_QUOTED_INCLUDE_IN_FRAMEWORK_HEADER = YES;
				CLANG_WARN_RANGE_LOOP_ANALYSIS = YES;
				CLANG_WARN_STRICT_PROTOTYPES = YES;
				CLANG_WARN_SUSPICIOUS_MOVE = YES;
				CLANG_WARN_UNGUARDED_AVAILABILITY = YES_AGGRESSIVE;
				CLANG_WARN_UNREACHABLE_CODE = YES;
				CLANG_WARN__DUPLICATE_METHOD_MATCH = YES;
				COPY_PHASE_STRIP = NO;
				DEBUG_INFORMATION_FORMAT = dwarf;
				ENABLE_STRICT_OBJC_MSGSEND = YES;
				ENABLE_TESTABILITY = YES;
				GCC_C_LANGUAGE_STANDARD = gnu11;
				GCC_DYNAMIC_NO_PIC = NO;
				GCC_NO_COMMON_BLOCKS = YES;
				GCC_OPTIMIZATION_LEVEL = 0;
				GCC_PREPROCESSOR_DEFINITIONS = (
					"DEBUG=1",
					"$(inherited)",
				);
				GCC_WARN_64_TO_32_BIT_CONVERSION = YES;
				GCC_WARN_ABOUT_RETURN_TYPE = YES_ERROR;
				GCC_WARN_UNDECLARED_SELECTOR = YES;
				GCC_WARN_UNINITIALIZED_AUTOS = YES_AGGRESSIVE;
				GCC_WARN_UNUSED_FUNCTION = YES;
				GCC_WARN_UNUSED_VARIABLE = YES;
				IPHONEOS_DEPLOYMENT_TARGET = 15.0;
				MTL_ENABLE_DEBUG_INFO = INCLUDE_SOURCE;
				MTL_FAST_MATH = YES;
				ONLY_ACTIVE_ARCH = YES;
				SDKROOT = iphoneos;
				SWIFT_ACTIVE_COMPILATION_CONDITIONS = DEBUG;
				SWIFT_OPTIMIZATION_LEVEL = "-Onone";
			};
			name = Debug;
		};
		8469595529BFC0B600134EA0 /* Release */ = {
			isa = XCBuildConfiguration;
			buildSettings = {
				ALWAYS_SEARCH_USER_PATHS = NO;
				CLANG_ANALYZER_NONNULL = YES;
				CLANG_ANALYZER_NUMBER_OBJECT_CONVERSION = YES_AGGRESSIVE;
				CLANG_CXX_LANGUAGE_STANDARD = "gnu++20";
				CLANG_ENABLE_MODULES = YES;
				CLANG_ENABLE_OBJC_ARC = YES;
				CLANG_ENABLE_OBJC_WEAK = YES;
				CLANG_WARN_BLOCK_CAPTURE_AUTORELEASING = YES;
				CLANG_WARN_BOOL_CONVERSION = YES;
				CLANG_WARN_COMMA = YES;
				CLANG_WARN_CONSTANT_CONVERSION = YES;
				CLANG_WARN_DEPRECATED_OBJC_IMPLEMENTATIONS = YES;
				CLANG_WARN_DIRECT_OBJC_ISA_USAGE = YES_ERROR;
				CLANG_WARN_DOCUMENTATION_COMMENTS = YES;
				CLANG_WARN_EMPTY_BODY = YES;
				CLANG_WARN_ENUM_CONVERSION = YES;
				CLANG_WARN_INFINITE_RECURSION = YES;
				CLANG_WARN_INT_CONVERSION = YES;
				CLANG_WARN_NON_LITERAL_NULL_CONVERSION = YES;
				CLANG_WARN_OBJC_IMPLICIT_RETAIN_SELF = YES;
				CLANG_WARN_OBJC_LITERAL_CONVERSION = YES;
				CLANG_WARN_OBJC_ROOT_CLASS = YES_ERROR;
				CLANG_WARN_QUOTED_INCLUDE_IN_FRAMEWORK_HEADER = YES;
				CLANG_WARN_RANGE_LOOP_ANALYSIS = YES;
				CLANG_WARN_STRICT_PROTOTYPES = YES;
				CLANG_WARN_SUSPICIOUS_MOVE = YES;
				CLANG_WARN_UNGUARDED_AVAILABILITY = YES_AGGRESSIVE;
				CLANG_WARN_UNREACHABLE_CODE = YES;
				CLANG_WARN__DUPLICATE_METHOD_MATCH = YES;
				COPY_PHASE_STRIP = NO;
				DEBUG_INFORMATION_FORMAT = "dwarf-with-dsym";
				ENABLE_NS_ASSERTIONS = NO;
				ENABLE_STRICT_OBJC_MSGSEND = YES;
				GCC_C_LANGUAGE_STANDARD = gnu11;
				GCC_NO_COMMON_BLOCKS = YES;
				GCC_WARN_64_TO_32_BIT_CONVERSION = YES;
				GCC_WARN_ABOUT_RETURN_TYPE = YES_ERROR;
				GCC_WARN_UNDECLARED_SELECTOR = YES;
				GCC_WARN_UNINITIALIZED_AUTOS = YES_AGGRESSIVE;
				GCC_WARN_UNUSED_FUNCTION = YES;
				GCC_WARN_UNUSED_VARIABLE = YES;
				IPHONEOS_DEPLOYMENT_TARGET = 15.0;
				MTL_ENABLE_DEBUG_INFO = NO;
				MTL_FAST_MATH = YES;
				SDKROOT = iphoneos;
				SWIFT_COMPILATION_MODE = wholemodule;
				SWIFT_OPTIMIZATION_LEVEL = "-O";
				VALIDATE_PRODUCT = YES;
			};
			name = Release;
		};
		8469595729BFC0B600134EA0 /* Debug */ = {
			isa = XCBuildConfiguration;
			buildSettings = {
				ASSETCATALOG_COMPILER_APPICON_NAME = AppIcon;
				ASSETCATALOG_COMPILER_GLOBAL_ACCENT_COLOR_NAME = AccentColor;
				CODE_SIGN_IDENTITY = "Apple Development";
				CODE_SIGN_STYLE = Automatic;
				CURRENT_PROJECT_VERSION = 1;
				DEVELOPMENT_ASSET_PATHS = "\"UICookbook/Preview Content\"";
				DEVELOPMENT_TEAM = EHV7XZLAHA;
				ENABLE_PREVIEWS = YES;
				GENERATE_INFOPLIST_FILE = YES;
				INFOPLIST_FILE = UICookbook/Info.plist;
				INFOPLIST_KEY_CFBundleDisplayName = "UI Cookbook";
				INFOPLIST_KEY_NSCameraUsageDescription = "UI Cookbook requires camera access in order to capture video";
				INFOPLIST_KEY_NSMicrophoneUsageDescription = "Microphone access needed for the audio in calls.";
				INFOPLIST_KEY_UIApplicationSceneManifest_Generation = YES;
				INFOPLIST_KEY_UIApplicationSupportsIndirectInputEvents = YES;
				INFOPLIST_KEY_UILaunchScreen_Generation = YES;
				INFOPLIST_KEY_UISupportedInterfaceOrientations_iPad = "UIInterfaceOrientationPortrait UIInterfaceOrientationPortraitUpsideDown UIInterfaceOrientationLandscapeLeft UIInterfaceOrientationLandscapeRight";
				INFOPLIST_KEY_UISupportedInterfaceOrientations_iPhone = "UIInterfaceOrientationPortrait UIInterfaceOrientationLandscapeLeft UIInterfaceOrientationLandscapeRight";
				LD_RUNPATH_SEARCH_PATHS = (
					"$(inherited)",
					"@executable_path/Frameworks",
				);
				MARKETING_VERSION = 1.0;
				PRODUCT_BUNDLE_IDENTIFIER = io.getstream.iOS.UICookbook;
				PRODUCT_NAME = "$(TARGET_NAME)";
				PROVISIONING_PROFILE_SPECIFIER = "";
				SWIFT_EMIT_LOC_STRINGS = YES;
				SWIFT_VERSION = 5.0;
				TARGETED_DEVICE_FAMILY = "1,2";
			};
			name = Debug;
		};
		8469595829BFC0B600134EA0 /* Release */ = {
			isa = XCBuildConfiguration;
			buildSettings = {
				ASSETCATALOG_COMPILER_APPICON_NAME = AppIcon;
				ASSETCATALOG_COMPILER_GLOBAL_ACCENT_COLOR_NAME = AccentColor;
				CODE_SIGN_IDENTITY = "Apple Development";
				CODE_SIGN_STYLE = Automatic;
				CURRENT_PROJECT_VERSION = 1;
				DEVELOPMENT_ASSET_PATHS = "\"UICookbook/Preview Content\"";
				DEVELOPMENT_TEAM = EHV7XZLAHA;
				ENABLE_PREVIEWS = YES;
				GENERATE_INFOPLIST_FILE = YES;
				INFOPLIST_FILE = UICookbook/Info.plist;
				INFOPLIST_KEY_CFBundleDisplayName = "UI Cookbook";
				INFOPLIST_KEY_NSCameraUsageDescription = "UI Cookbook requires camera access in order to capture video";
				INFOPLIST_KEY_NSMicrophoneUsageDescription = "Microphone access needed for the audio in calls.";
				INFOPLIST_KEY_UIApplicationSceneManifest_Generation = YES;
				INFOPLIST_KEY_UIApplicationSupportsIndirectInputEvents = YES;
				INFOPLIST_KEY_UILaunchScreen_Generation = YES;
				INFOPLIST_KEY_UISupportedInterfaceOrientations_iPad = "UIInterfaceOrientationPortrait UIInterfaceOrientationPortraitUpsideDown UIInterfaceOrientationLandscapeLeft UIInterfaceOrientationLandscapeRight";
				INFOPLIST_KEY_UISupportedInterfaceOrientations_iPhone = "UIInterfaceOrientationPortrait UIInterfaceOrientationLandscapeLeft UIInterfaceOrientationLandscapeRight";
				LD_RUNPATH_SEARCH_PATHS = (
					"$(inherited)",
					"@executable_path/Frameworks",
				);
				MARKETING_VERSION = 1.0;
				PRODUCT_BUNDLE_IDENTIFIER = io.getstream.iOS.UICookbook;
				PRODUCT_NAME = "$(TARGET_NAME)";
				PROVISIONING_PROFILE_SPECIFIER = "";
				SWIFT_EMIT_LOC_STRINGS = YES;
				SWIFT_VERSION = 5.0;
				TARGETED_DEVICE_FAMILY = "1,2";
			};
			name = Release;
		};
/* End XCBuildConfiguration section */

/* Begin XCConfigurationList section */
		8469594329BFC0B400134EA0 /* Build configuration list for PBXProject "UICookbook" */ = {
			isa = XCConfigurationList;
			buildConfigurations = (
				8469595429BFC0B600134EA0 /* Debug */,
				8469595529BFC0B600134EA0 /* Release */,
			);
			defaultConfigurationIsVisible = 0;
			defaultConfigurationName = Release;
		};
		8469595629BFC0B600134EA0 /* Build configuration list for PBXNativeTarget "UICookbook" */ = {
			isa = XCConfigurationList;
			buildConfigurations = (
				8469595729BFC0B600134EA0 /* Debug */,
				8469595829BFC0B600134EA0 /* Release */,
			);
			defaultConfigurationIsVisible = 0;
			defaultConfigurationName = Release;
		};
/* End XCConfigurationList section */

/* Begin XCRemoteSwiftPackageReference section */
		8469596329BFC28700134EA0 /* XCRemoteSwiftPackageReference "stream-video-swift" */ = {
			isa = XCRemoteSwiftPackageReference;
			repositoryURL = "https://github.com/GetStream/stream-video-swift.git";
			requirement = {
				branch = main;
				kind = branch;
			};
		};
/* End XCRemoteSwiftPackageReference section */

/* Begin XCSwiftPackageProductDependency section */
		8469596429BFC28700134EA0 /* StreamVideo */ = {
			isa = XCSwiftPackageProductDependency;
			package = 8469596329BFC28700134EA0 /* XCRemoteSwiftPackageReference "stream-video-swift" */;
			productName = StreamVideo;
		};
		8469596629BFC28700134EA0 /* StreamVideoSwiftUI */ = {
			isa = XCSwiftPackageProductDependency;
			package = 8469596329BFC28700134EA0 /* XCRemoteSwiftPackageReference "stream-video-swift" */;
			productName = StreamVideoSwiftUI;
		};
/* End XCSwiftPackageProductDependency section */
	};
	rootObject = 8469594029BFC0B400134EA0 /* Project object */;
}
