// !$*UTF8*$!
{
	archiveVersion = 1;
	classes = {
	};
	objectVersion = 56;
	objects = {

/* Begin PBXBuildFile section */
		840311522930BE2A0033C712 /* CallViewHelper.swift in Sources */ = {isa = PBXBuildFile; fileRef = 840311512930BE290033C712 /* CallViewHelper.swift */; };
		843942532979920900531972 /* StreamVideo in Frameworks */ = {isa = PBXBuildFile; productRef = 843942522979920900531972 /* StreamVideo */; };
		843942552979920900531972 /* StreamVideoSwiftUI in Frameworks */ = {isa = PBXBuildFile; productRef = 843942542979920900531972 /* StreamVideoSwiftUI */; };
		843942572979920900531972 /* StreamVideoUIKit in Frameworks */ = {isa = PBXBuildFile; productRef = 843942562979920900531972 /* StreamVideoUIKit */; };
		84722C60292CC3900045D973 /* AppDelegate.swift in Sources */ = {isa = PBXBuildFile; fileRef = 84722C5F292CC3900045D973 /* AppDelegate.swift */; };
		84722C62292CC3900045D973 /* SceneDelegate.swift in Sources */ = {isa = PBXBuildFile; fileRef = 84722C61292CC3900045D973 /* SceneDelegate.swift */; };
		84722C64292CC3900045D973 /* ChannelListViewController.swift in Sources */ = {isa = PBXBuildFile; fileRef = 84722C63292CC3900045D973 /* ChannelListViewController.swift */; };
		84722C69292CC3950045D973 /* Assets.xcassets in Resources */ = {isa = PBXBuildFile; fileRef = 84722C68292CC3950045D973 /* Assets.xcassets */; };
		84722C6C292CC3950045D973 /* LaunchScreen.storyboard in Resources */ = {isa = PBXBuildFile; fileRef = 84722C6A292CC3950045D973 /* LaunchScreen.storyboard */; };
		84722C76292CC49C0045D973 /* StreamChat in Frameworks */ = {isa = PBXBuildFile; productRef = 84722C75292CC49C0045D973 /* StreamChat */; };
		84722C78292CC49C0045D973 /* StreamChatUI in Frameworks */ = {isa = PBXBuildFile; productRef = 84722C77292CC49C0045D973 /* StreamChatUI */; };
		84722C7A292CCF050045D973 /* StreamWrapper.swift in Sources */ = {isa = PBXBuildFile; fileRef = 84722C79292CCF050045D973 /* StreamWrapper.swift */; };
		84722C7D292CD0210045D973 /* StreamVideo in Frameworks */ = {isa = PBXBuildFile; productRef = 84722C7C292CD0210045D973 /* StreamVideo */; };
		84722C7F292CD0210045D973 /* StreamVideoSwiftUI in Frameworks */ = {isa = PBXBuildFile; productRef = 84722C7E292CD0210045D973 /* StreamVideoSwiftUI */; };
		84722C81292CD0210045D973 /* StreamVideoUIKit in Frameworks */ = {isa = PBXBuildFile; productRef = 84722C80292CD0210045D973 /* StreamVideoUIKit */; };
		84722C83292CD1330045D973 /* UserCredentials.swift in Sources */ = {isa = PBXBuildFile; fileRef = 84722C82292CD1330045D973 /* UserCredentials.swift */; };
		84722C85292CD91E0045D973 /* ChatWithVideoViewController.swift in Sources */ = {isa = PBXBuildFile; fileRef = 84722C84292CD91E0045D973 /* ChatWithVideoViewController.swift */; };
		84722C89292CE2F60045D973 /* ChannelListRouter.swift in Sources */ = {isa = PBXBuildFile; fileRef = 84722C88292CE2F60045D973 /* ChannelListRouter.swift */; };
		84E5C50C29F946170003A27A /* HTTPClient.swift in Sources */ = {isa = PBXBuildFile; fileRef = 84E5C50A29F946170003A27A /* HTTPClient.swift */; };
		84E5C50D29F946170003A27A /* TokenService.swift in Sources */ = {isa = PBXBuildFile; fileRef = 84E5C50B29F946170003A27A /* TokenService.swift */; };
/* End PBXBuildFile section */

/* Begin PBXFileReference section */
		840311512930BE290033C712 /* CallViewHelper.swift */ = {isa = PBXFileReference; lastKnownFileType = sourcecode.swift; path = CallViewHelper.swift; sourceTree = "<group>"; };
		84722C5C292CC3900045D973 /* ChatWithVideoUIKit.app */ = {isa = PBXFileReference; explicitFileType = wrapper.application; includeInIndex = 0; path = ChatWithVideoUIKit.app; sourceTree = BUILT_PRODUCTS_DIR; };
		84722C5F292CC3900045D973 /* AppDelegate.swift */ = {isa = PBXFileReference; lastKnownFileType = sourcecode.swift; path = AppDelegate.swift; sourceTree = "<group>"; };
		84722C61292CC3900045D973 /* SceneDelegate.swift */ = {isa = PBXFileReference; lastKnownFileType = sourcecode.swift; path = SceneDelegate.swift; sourceTree = "<group>"; };
		84722C63292CC3900045D973 /* ChannelListViewController.swift */ = {isa = PBXFileReference; lastKnownFileType = sourcecode.swift; path = ChannelListViewController.swift; sourceTree = "<group>"; };
		84722C66292CC3900045D973 /* Base */ = {isa = PBXFileReference; lastKnownFileType = file.storyboard; name = Base; path = Base.lproj/Main.storyboard; sourceTree = "<group>"; };
		84722C68292CC3950045D973 /* Assets.xcassets */ = {isa = PBXFileReference; lastKnownFileType = folder.assetcatalog; path = Assets.xcassets; sourceTree = "<group>"; };
		84722C6B292CC3950045D973 /* Base */ = {isa = PBXFileReference; lastKnownFileType = file.storyboard; name = Base; path = Base.lproj/LaunchScreen.storyboard; sourceTree = "<group>"; };
		84722C6D292CC3950045D973 /* Info.plist */ = {isa = PBXFileReference; lastKnownFileType = text.plist.xml; path = Info.plist; sourceTree = "<group>"; };
		84722C79292CCF050045D973 /* StreamWrapper.swift */ = {isa = PBXFileReference; lastKnownFileType = sourcecode.swift; path = StreamWrapper.swift; sourceTree = "<group>"; };
		84722C82292CD1330045D973 /* UserCredentials.swift */ = {isa = PBXFileReference; lastKnownFileType = sourcecode.swift; path = UserCredentials.swift; sourceTree = "<group>"; };
		84722C84292CD91E0045D973 /* ChatWithVideoViewController.swift */ = {isa = PBXFileReference; lastKnownFileType = sourcecode.swift; path = ChatWithVideoViewController.swift; sourceTree = "<group>"; };
		84722C88292CE2F60045D973 /* ChannelListRouter.swift */ = {isa = PBXFileReference; lastKnownFileType = sourcecode.swift; path = ChannelListRouter.swift; sourceTree = "<group>"; };
		84E5C50A29F946170003A27A /* HTTPClient.swift */ = {isa = PBXFileReference; fileEncoding = 4; lastKnownFileType = sourcecode.swift; path = HTTPClient.swift; sourceTree = "<group>"; };
		84E5C50B29F946170003A27A /* TokenService.swift */ = {isa = PBXFileReference; fileEncoding = 4; lastKnownFileType = sourcecode.swift; path = TokenService.swift; sourceTree = "<group>"; };
/* End PBXFileReference section */

/* Begin PBXFrameworksBuildPhase section */
		84722C59292CC3900045D973 /* Frameworks */ = {
			isa = PBXFrameworksBuildPhase;
			buildActionMask = 2147483647;
			files = (
				843942552979920900531972 /* StreamVideoSwiftUI in Frameworks */,
				843942572979920900531972 /* StreamVideoUIKit in Frameworks */,
				843942532979920900531972 /* StreamVideo in Frameworks */,
				84722C7F292CD0210045D973 /* StreamVideoSwiftUI in Frameworks */,
				84722C7D292CD0210045D973 /* StreamVideo in Frameworks */,
				84722C78292CC49C0045D973 /* StreamChatUI in Frameworks */,
				84722C81292CD0210045D973 /* StreamVideoUIKit in Frameworks */,
				84722C76292CC49C0045D973 /* StreamChat in Frameworks */,
			);
			runOnlyForDeploymentPostprocessing = 0;
		};
/* End PBXFrameworksBuildPhase section */

/* Begin PBXGroup section */
		84722C53292CC38F0045D973 = {
			isa = PBXGroup;
			children = (
				84722C5E292CC3900045D973 /* ChatWithVideoUIKit */,
				84722C5D292CC3900045D973 /* Products */,
				84722C7B292CD0210045D973 /* Frameworks */,
			);
			sourceTree = "<group>";
		};
		84722C5D292CC3900045D973 /* Products */ = {
			isa = PBXGroup;
			children = (
				84722C5C292CC3900045D973 /* ChatWithVideoUIKit.app */,
			);
			name = Products;
			sourceTree = "<group>";
		};
		84722C5E292CC3900045D973 /* ChatWithVideoUIKit */ = {
			isa = PBXGroup;
			children = (
				84722C79292CCF050045D973 /* StreamWrapper.swift */,
				84722C5F292CC3900045D973 /* AppDelegate.swift */,
				84722C61292CC3900045D973 /* SceneDelegate.swift */,
				84722C63292CC3900045D973 /* ChannelListViewController.swift */,
				84722C84292CD91E0045D973 /* ChatWithVideoViewController.swift */,
				84E5C50A29F946170003A27A /* HTTPClient.swift */,
				84E5C50B29F946170003A27A /* TokenService.swift */,
				84722C88292CE2F60045D973 /* ChannelListRouter.swift */,
				840311512930BE290033C712 /* CallViewHelper.swift */,
				84722C82292CD1330045D973 /* UserCredentials.swift */,
				84722C65292CC3900045D973 /* Main.storyboard */,
				84722C68292CC3950045D973 /* Assets.xcassets */,
				84722C6A292CC3950045D973 /* LaunchScreen.storyboard */,
				84722C6D292CC3950045D973 /* Info.plist */,
			);
			path = ChatWithVideoUIKit;
			sourceTree = "<group>";
		};
		84722C7B292CD0210045D973 /* Frameworks */ = {
			isa = PBXGroup;
			children = (
			);
			name = Frameworks;
			sourceTree = "<group>";
		};
/* End PBXGroup section */

/* Begin PBXNativeTarget section */
		84722C5B292CC3900045D973 /* ChatWithVideoUIKit */ = {
			isa = PBXNativeTarget;
			buildConfigurationList = 84722C70292CC3950045D973 /* Build configuration list for PBXNativeTarget "ChatWithVideoUIKit" */;
			buildPhases = (
				84722C58292CC3900045D973 /* Sources */,
				84722C59292CC3900045D973 /* Frameworks */,
				84722C5A292CC3900045D973 /* Resources */,
			);
			buildRules = (
			);
			dependencies = (
			);
			name = ChatWithVideoUIKit;
			packageProductDependencies = (
				84722C75292CC49C0045D973 /* StreamChat */,
				84722C77292CC49C0045D973 /* StreamChatUI */,
				84722C7C292CD0210045D973 /* StreamVideo */,
				84722C7E292CD0210045D973 /* StreamVideoSwiftUI */,
				84722C80292CD0210045D973 /* StreamVideoUIKit */,
				843942522979920900531972 /* StreamVideo */,
				843942542979920900531972 /* StreamVideoSwiftUI */,
				843942562979920900531972 /* StreamVideoUIKit */,
			);
			productName = ChatWithVideoUIKit;
			productReference = 84722C5C292CC3900045D973 /* ChatWithVideoUIKit.app */;
			productType = "com.apple.product-type.application";
		};
/* End PBXNativeTarget section */

/* Begin PBXProject section */
		84722C54292CC3900045D973 /* Project object */ = {
			isa = PBXProject;
			attributes = {
				BuildIndependentTargetsInParallel = 1;
				LastSwiftUpdateCheck = 1410;
				LastUpgradeCheck = 1410;
				TargetAttributes = {
					84722C5B292CC3900045D973 = {
						CreatedOnToolsVersion = 14.1;
					};
				};
			};
			buildConfigurationList = 84722C57292CC3900045D973 /* Build configuration list for PBXProject "ChatWithVideoUIKit" */;
			compatibilityVersion = "Xcode 14.0";
			developmentRegion = en;
			hasScannedForEncodings = 0;
			knownRegions = (
				en,
				Base,
			);
			mainGroup = 84722C53292CC38F0045D973;
			packageReferences = (
				84722C74292CC49C0045D973 /* XCRemoteSwiftPackageReference "stream-chat-swift" */,
				843942512979920900531972 /* XCRemoteSwiftPackageReference "stream-video-swift" */,
			);
			productRefGroup = 84722C5D292CC3900045D973 /* Products */;
			projectDirPath = "";
			projectRoot = "";
			targets = (
				84722C5B292CC3900045D973 /* ChatWithVideoUIKit */,
			);
		};
/* End PBXProject section */

/* Begin PBXResourcesBuildPhase section */
		84722C5A292CC3900045D973 /* Resources */ = {
			isa = PBXResourcesBuildPhase;
			buildActionMask = 2147483647;
			files = (
				84722C6C292CC3950045D973 /* LaunchScreen.storyboard in Resources */,
				84722C69292CC3950045D973 /* Assets.xcassets in Resources */,
			);
			runOnlyForDeploymentPostprocessing = 0;
		};
/* End PBXResourcesBuildPhase section */

/* Begin PBXSourcesBuildPhase section */
		84722C58292CC3900045D973 /* Sources */ = {
			isa = PBXSourcesBuildPhase;
			buildActionMask = 2147483647;
			files = (
				84722C64292CC3900045D973 /* ChannelListViewController.swift in Sources */,
				84722C60292CC3900045D973 /* AppDelegate.swift in Sources */,
				84722C62292CC3900045D973 /* SceneDelegate.swift in Sources */,
				84722C89292CE2F60045D973 /* ChannelListRouter.swift in Sources */,
				84722C7A292CCF050045D973 /* StreamWrapper.swift in Sources */,
				84E5C50C29F946170003A27A /* HTTPClient.swift in Sources */,
				84722C85292CD91E0045D973 /* ChatWithVideoViewController.swift in Sources */,
				840311522930BE2A0033C712 /* CallViewHelper.swift in Sources */,
				84722C83292CD1330045D973 /* UserCredentials.swift in Sources */,
				84E5C50D29F946170003A27A /* TokenService.swift in Sources */,
			);
			runOnlyForDeploymentPostprocessing = 0;
		};
/* End PBXSourcesBuildPhase section */

/* Begin PBXVariantGroup section */
		84722C65292CC3900045D973 /* Main.storyboard */ = {
			isa = PBXVariantGroup;
			children = (
				84722C66292CC3900045D973 /* Base */,
			);
			name = Main.storyboard;
			sourceTree = "<group>";
		};
		84722C6A292CC3950045D973 /* LaunchScreen.storyboard */ = {
			isa = PBXVariantGroup;
			children = (
				84722C6B292CC3950045D973 /* Base */,
			);
			name = LaunchScreen.storyboard;
			sourceTree = "<group>";
		};
/* End PBXVariantGroup section */

/* Begin XCBuildConfiguration section */
		84722C6E292CC3950045D973 /* Debug */ = {
			isa = XCBuildConfiguration;
			buildSettings = {
				ALWAYS_SEARCH_USER_PATHS = NO;
				CLANG_ANALYZER_NONNULL = YES;
				CLANG_ANALYZER_NUMBER_OBJECT_CONVERSION = YES_AGGRESSIVE;
				CLANG_CXX_LANGUAGE_STANDARD = "gnu++20";
				CLANG_ENABLE_MODULES = YES;
				CLANG_ENABLE_OBJC_ARC = YES;
				CLANG_ENABLE_OBJC_WEAK = YES;
				CLANG_WARN_BLOCK_CAPTURE_AUTORELEASING = YES;
				CLANG_WARN_BOOL_CONVERSION = YES;
				CLANG_WARN_COMMA = YES;
				CLANG_WARN_CONSTANT_CONVERSION = YES;
				CLANG_WARN_DEPRECATED_OBJC_IMPLEMENTATIONS = YES;
				CLANG_WARN_DIRECT_OBJC_ISA_USAGE = YES_ERROR;
				CLANG_WARN_DOCUMENTATION_COMMENTS = YES;
				CLANG_WARN_EMPTY_BODY = YES;
				CLANG_WARN_ENUM_CONVERSION = YES;
				CLANG_WARN_INFINITE_RECURSION = YES;
				CLANG_WARN_INT_CONVERSION = YES;
				CLANG_WARN_NON_LITERAL_NULL_CONVERSION = YES;
				CLANG_WARN_OBJC_IMPLICIT_RETAIN_SELF = YES;
				CLANG_WARN_OBJC_LITERAL_CONVERSION = YES;
				CLANG_WARN_OBJC_ROOT_CLASS = YES_ERROR;
				CLANG_WARN_QUOTED_INCLUDE_IN_FRAMEWORK_HEADER = YES;
				CLANG_WARN_RANGE_LOOP_ANALYSIS = YES;
				CLANG_WARN_STRICT_PROTOTYPES = YES;
				CLANG_WARN_SUSPICIOUS_MOVE = YES;
				CLANG_WARN_UNGUARDED_AVAILABILITY = YES_AGGRESSIVE;
				CLANG_WARN_UNREACHABLE_CODE = YES;
				CLANG_WARN__DUPLICATE_METHOD_MATCH = YES;
				COPY_PHASE_STRIP = NO;
				DEBUG_INFORMATION_FORMAT = dwarf;
				ENABLE_STRICT_OBJC_MSGSEND = YES;
				ENABLE_TESTABILITY = YES;
				GCC_C_LANGUAGE_STANDARD = gnu11;
				GCC_DYNAMIC_NO_PIC = NO;
				GCC_NO_COMMON_BLOCKS = YES;
				GCC_OPTIMIZATION_LEVEL = 0;
				GCC_PREPROCESSOR_DEFINITIONS = (
					"DEBUG=1",
					"$(inherited)",
				);
				GCC_WARN_64_TO_32_BIT_CONVERSION = YES;
				GCC_WARN_ABOUT_RETURN_TYPE = YES_ERROR;
				GCC_WARN_UNDECLARED_SELECTOR = YES;
				GCC_WARN_UNINITIALIZED_AUTOS = YES_AGGRESSIVE;
				GCC_WARN_UNUSED_FUNCTION = YES;
				GCC_WARN_UNUSED_VARIABLE = YES;
				IPHONEOS_DEPLOYMENT_TARGET = 16.1;
				MTL_ENABLE_DEBUG_INFO = INCLUDE_SOURCE;
				MTL_FAST_MATH = YES;
				ONLY_ACTIVE_ARCH = YES;
				SDKROOT = iphoneos;
				SWIFT_ACTIVE_COMPILATION_CONDITIONS = DEBUG;
				SWIFT_OPTIMIZATION_LEVEL = "-Onone";
			};
			name = Debug;
		};
		84722C6F292CC3950045D973 /* Release */ = {
			isa = XCBuildConfiguration;
			buildSettings = {
				ALWAYS_SEARCH_USER_PATHS = NO;
				CLANG_ANALYZER_NONNULL = YES;
				CLANG_ANALYZER_NUMBER_OBJECT_CONVERSION = YES_AGGRESSIVE;
				CLANG_CXX_LANGUAGE_STANDARD = "gnu++20";
				CLANG_ENABLE_MODULES = YES;
				CLANG_ENABLE_OBJC_ARC = YES;
				CLANG_ENABLE_OBJC_WEAK = YES;
				CLANG_WARN_BLOCK_CAPTURE_AUTORELEASING = YES;
				CLANG_WARN_BOOL_CONVERSION = YES;
				CLANG_WARN_COMMA = YES;
				CLANG_WARN_CONSTANT_CONVERSION = YES;
				CLANG_WARN_DEPRECATED_OBJC_IMPLEMENTATIONS = YES;
				CLANG_WARN_DIRECT_OBJC_ISA_USAGE = YES_ERROR;
				CLANG_WARN_DOCUMENTATION_COMMENTS = YES;
				CLANG_WARN_EMPTY_BODY = YES;
				CLANG_WARN_ENUM_CONVERSION = YES;
				CLANG_WARN_INFINITE_RECURSION = YES;
				CLANG_WARN_INT_CONVERSION = YES;
				CLANG_WARN_NON_LITERAL_NULL_CONVERSION = YES;
				CLANG_WARN_OBJC_IMPLICIT_RETAIN_SELF = YES;
				CLANG_WARN_OBJC_LITERAL_CONVERSION = YES;
				CLANG_WARN_OBJC_ROOT_CLASS = YES_ERROR;
				CLANG_WARN_QUOTED_INCLUDE_IN_FRAMEWORK_HEADER = YES;
				CLANG_WARN_RANGE_LOOP_ANALYSIS = YES;
				CLANG_WARN_STRICT_PROTOTYPES = YES;
				CLANG_WARN_SUSPICIOUS_MOVE = YES;
				CLANG_WARN_UNGUARDED_AVAILABILITY = YES_AGGRESSIVE;
				CLANG_WARN_UNREACHABLE_CODE = YES;
				CLANG_WARN__DUPLICATE_METHOD_MATCH = YES;
				COPY_PHASE_STRIP = NO;
				DEBUG_INFORMATION_FORMAT = "dwarf-with-dsym";
				ENABLE_NS_ASSERTIONS = NO;
				ENABLE_STRICT_OBJC_MSGSEND = YES;
				GCC_C_LANGUAGE_STANDARD = gnu11;
				GCC_NO_COMMON_BLOCKS = YES;
				GCC_WARN_64_TO_32_BIT_CONVERSION = YES;
				GCC_WARN_ABOUT_RETURN_TYPE = YES_ERROR;
				GCC_WARN_UNDECLARED_SELECTOR = YES;
				GCC_WARN_UNINITIALIZED_AUTOS = YES_AGGRESSIVE;
				GCC_WARN_UNUSED_FUNCTION = YES;
				GCC_WARN_UNUSED_VARIABLE = YES;
				IPHONEOS_DEPLOYMENT_TARGET = 16.1;
				MTL_ENABLE_DEBUG_INFO = NO;
				MTL_FAST_MATH = YES;
				SDKROOT = iphoneos;
				SWIFT_COMPILATION_MODE = wholemodule;
				SWIFT_OPTIMIZATION_LEVEL = "-O";
				VALIDATE_PRODUCT = YES;
			};
			name = Release;
		};
		84722C71292CC3950045D973 /* Debug */ = {
			isa = XCBuildConfiguration;
			buildSettings = {
				ASSETCATALOG_COMPILER_APPICON_NAME = AppIcon;
				ASSETCATALOG_COMPILER_GLOBAL_ACCENT_COLOR_NAME = AccentColor;
				CODE_SIGN_STYLE = Automatic;
				CURRENT_PROJECT_VERSION = 1;
				DEVELOPMENT_TEAM = EHV7XZLAHA;
				GENERATE_INFOPLIST_FILE = YES;
				INFOPLIST_FILE = ChatWithVideoUIKit/Info.plist;
				INFOPLIST_KEY_NSCameraUsageDescription = "DemoApp requires camera access in order to capture and transmit video";
				INFOPLIST_KEY_NSMicrophoneUsageDescription = "DemoApp requires microphone access in order to capture and transmit audio";
				INFOPLIST_KEY_UIApplicationSupportsIndirectInputEvents = YES;
				INFOPLIST_KEY_UILaunchStoryboardName = LaunchScreen;
				INFOPLIST_KEY_UISupportedInterfaceOrientations_iPad = "UIInterfaceOrientationPortrait UIInterfaceOrientationPortraitUpsideDown UIInterfaceOrientationLandscapeLeft UIInterfaceOrientationLandscapeRight";
				INFOPLIST_KEY_UISupportedInterfaceOrientations_iPhone = "UIInterfaceOrientationPortrait UIInterfaceOrientationLandscapeLeft UIInterfaceOrientationLandscapeRight";
				IPHONEOS_DEPLOYMENT_TARGET = 15.0;
				LD_RUNPATH_SEARCH_PATHS = (
					"$(inherited)",
					"@executable_path/Frameworks",
				);
				MARKETING_VERSION = 1.0;
				PRODUCT_BUNDLE_IDENTIFIER = io.getstream.iOS.ChatWithVideoUIKit;
				PRODUCT_NAME = "$(TARGET_NAME)";
				SWIFT_EMIT_LOC_STRINGS = YES;
				SWIFT_VERSION = 5.0;
				TARGETED_DEVICE_FAMILY = "1,2";
			};
			name = Debug;
		};
		84722C72292CC3950045D973 /* Release */ = {
			isa = XCBuildConfiguration;
			buildSettings = {
				ASSETCATALOG_COMPILER_APPICON_NAME = AppIcon;
				ASSETCATALOG_COMPILER_GLOBAL_ACCENT_COLOR_NAME = AccentColor;
				CODE_SIGN_STYLE = Automatic;
				CURRENT_PROJECT_VERSION = 1;
				DEVELOPMENT_TEAM = EHV7XZLAHA;
				GENERATE_INFOPLIST_FILE = YES;
				INFOPLIST_FILE = ChatWithVideoUIKit/Info.plist;
				INFOPLIST_KEY_NSCameraUsageDescription = "DemoApp requires camera access in order to capture and transmit video";
				INFOPLIST_KEY_NSMicrophoneUsageDescription = "DemoApp requires microphone access in order to capture and transmit audio";
				INFOPLIST_KEY_UIApplicationSupportsIndirectInputEvents = YES;
				INFOPLIST_KEY_UILaunchStoryboardName = LaunchScreen;
				INFOPLIST_KEY_UISupportedInterfaceOrientations_iPad = "UIInterfaceOrientationPortrait UIInterfaceOrientationPortraitUpsideDown UIInterfaceOrientationLandscapeLeft UIInterfaceOrientationLandscapeRight";
				INFOPLIST_KEY_UISupportedInterfaceOrientations_iPhone = "UIInterfaceOrientationPortrait UIInterfaceOrientationLandscapeLeft UIInterfaceOrientationLandscapeRight";
				IPHONEOS_DEPLOYMENT_TARGET = 15.0;
				LD_RUNPATH_SEARCH_PATHS = (
					"$(inherited)",
					"@executable_path/Frameworks",
				);
				MARKETING_VERSION = 1.0;
				PRODUCT_BUNDLE_IDENTIFIER = io.getstream.iOS.ChatWithVideoUIKit;
				PRODUCT_NAME = "$(TARGET_NAME)";
				SWIFT_EMIT_LOC_STRINGS = YES;
				SWIFT_VERSION = 5.0;
				TARGETED_DEVICE_FAMILY = "1,2";
			};
			name = Release;
		};
/* End XCBuildConfiguration section */

/* Begin XCConfigurationList section */
		84722C57292CC3900045D973 /* Build configuration list for PBXProject "ChatWithVideoUIKit" */ = {
			isa = XCConfigurationList;
			buildConfigurations = (
				84722C6E292CC3950045D973 /* Debug */,
				84722C6F292CC3950045D973 /* Release */,
			);
			defaultConfigurationIsVisible = 0;
			defaultConfigurationName = Release;
		};
		84722C70292CC3950045D973 /* Build configuration list for PBXNativeTarget "ChatWithVideoUIKit" */ = {
			isa = XCConfigurationList;
			buildConfigurations = (
				84722C71292CC3950045D973 /* Debug */,
				84722C72292CC3950045D973 /* Release */,
			);
			defaultConfigurationIsVisible = 0;
			defaultConfigurationName = Release;
		};
/* End XCConfigurationList section */

/* Begin XCRemoteSwiftPackageReference section */
		843942512979920900531972 /* XCRemoteSwiftPackageReference "stream-video-swift" */ = {
			isa = XCRemoteSwiftPackageReference;
			repositoryURL = "https://github.com/GetStream/stream-video-swift.git";
			requirement = {
				kind = upToNextMajorVersion;
				minimumVersion = 1.0.1;
			};
		};
		84722C74292CC49C0045D973 /* XCRemoteSwiftPackageReference "stream-chat-swift" */ = {
			isa = XCRemoteSwiftPackageReference;
			repositoryURL = "https://github.com/GetStream/stream-chat-swift.git";
			requirement = {
				branch = develop;
				kind = branch;
			};
		};
/* End XCRemoteSwiftPackageReference section */

/* Begin XCSwiftPackageProductDependency section */
		843942522979920900531972 /* StreamVideo */ = {
			isa = XCSwiftPackageProductDependency;
			package = 843942512979920900531972 /* XCRemoteSwiftPackageReference "stream-video-swift" */;
			productName = StreamVideo;
		};
		843942542979920900531972 /* StreamVideoSwiftUI */ = {
			isa = XCSwiftPackageProductDependency;
			package = 843942512979920900531972 /* XCRemoteSwiftPackageReference "stream-video-swift" */;
			productName = StreamVideoSwiftUI;
		};
		843942562979920900531972 /* StreamVideoUIKit */ = {
			isa = XCSwiftPackageProductDependency;
			package = 843942512979920900531972 /* XCRemoteSwiftPackageReference "stream-video-swift" */;
			productName = StreamVideoUIKit;
		};
		84722C75292CC49C0045D973 /* StreamChat */ = {
			isa = XCSwiftPackageProductDependency;
			package = 84722C74292CC49C0045D973 /* XCRemoteSwiftPackageReference "stream-chat-swift" */;
			productName = StreamChat;
		};
		84722C77292CC49C0045D973 /* StreamChatUI */ = {
			isa = XCSwiftPackageProductDependency;
			package = 84722C74292CC49C0045D973 /* XCRemoteSwiftPackageReference "stream-chat-swift" */;
			productName = StreamChatUI;
		};
		84722C7C292CD0210045D973 /* StreamVideo */ = {
			isa = XCSwiftPackageProductDependency;
			productName = StreamVideo;
		};
		84722C7E292CD0210045D973 /* StreamVideoSwiftUI */ = {
			isa = XCSwiftPackageProductDependency;
			productName = StreamVideoSwiftUI;
		};
		84722C80292CD0210045D973 /* StreamVideoUIKit */ = {
			isa = XCSwiftPackageProductDependency;
			productName = StreamVideoUIKit;
		};
/* End XCSwiftPackageProductDependency section */
	};
	rootObject = 84722C54292CC3900045D973 /* Project object */;
}
