// !$*UTF8*$!
{
	archiveVersion = 1;
	classes = {
	};
	objectVersion = 56;
	objects = {

/* Begin PBXBuildFile section */
		84E4F7A0294879F900DD4CE3 /* AppDelegate.swift in Sources */ = {isa = PBXBuildFile; fileRef = 84E4F79F294879F900DD4CE3 /* AppDelegate.swift */; };
		84E4F7A2294879F900DD4CE3 /* SceneDelegate.swift in Sources */ = {isa = PBXBuildFile; fileRef = 84E4F7A1294879F900DD4CE3 /* SceneDelegate.swift */; };
		84E4F7A9294879FE00DD4CE3 /* Assets.xcassets in Resources */ = {isa = PBXBuildFile; fileRef = 84E4F7A8294879FE00DD4CE3 /* Assets.xcassets */; };
		84E4F7AC294879FE00DD4CE3 /* LaunchScreen.storyboard in Resources */ = {isa = PBXBuildFile; fileRef = 84E4F7AA294879FE00DD4CE3 /* LaunchScreen.storyboard */; };
		84E4F7B529487BA700DD4CE3 /* StreamWrapper.swift in Sources */ = {isa = PBXBuildFile; fileRef = 84E4F7B429487BA700DD4CE3 /* StreamWrapper.swift */; };
		84E4F7B829487BE000DD4CE3 /* StreamChatSwiftUI in Frameworks */ = {isa = PBXBuildFile; productRef = 84E4F7B729487BE000DD4CE3 /* StreamChatSwiftUI */; };
		84E4F7BA29487C3600DD4CE3 /* UserCredentials.swift in Sources */ = {isa = PBXBuildFile; fileRef = 84E4F7B929487C3600DD4CE3 /* UserCredentials.swift */; };
		84E4F7BC29487CB300DD4CE3 /* HomeViewController.swift in Sources */ = {isa = PBXBuildFile; fileRef = 84E4F7BB29487CB300DD4CE3 /* HomeViewController.swift */; };
		84E4F7BF29487E6200DD4CE3 /* StreamVideo in Frameworks */ = {isa = PBXBuildFile; productRef = 84E4F7BE29487E6200DD4CE3 /* StreamVideo */; };
		84E4F7C129487E6200DD4CE3 /* StreamVideoSwiftUI in Frameworks */ = {isa = PBXBuildFile; productRef = 84E4F7C029487E6200DD4CE3 /* StreamVideoSwiftUI */; };
		84E4F7C329487E6200DD4CE3 /* StreamVideoUIKit in Frameworks */ = {isa = PBXBuildFile; productRef = 84E4F7C229487E6200DD4CE3 /* StreamVideoUIKit */; };
		84E4F7C529487EAC00DD4CE3 /* CallViewHelper.swift in Sources */ = {isa = PBXBuildFile; fileRef = 84E4F7C429487EAC00DD4CE3 /* CallViewHelper.swift */; };
		84E4F7C7294881C900DD4CE3 /* CallChatViewController.swift in Sources */ = {isa = PBXBuildFile; fileRef = 84E4F7C6294881C900DD4CE3 /* CallChatViewController.swift */; };
		84E4F7C92948831E00DD4CE3 /* ChatCallControls.swift in Sources */ = {isa = PBXBuildFile; fileRef = 84E4F7C82948831E00DD4CE3 /* ChatCallControls.swift */; };
		84E4F7CB2948834E00DD4CE3 /* ChatHelper.swift in Sources */ = {isa = PBXBuildFile; fileRef = 84E4F7CA2948834E00DD4CE3 /* ChatHelper.swift */; };
		84E4F7CD294883B800DD4CE3 /* ChatViewFactory.swift in Sources */ = {isa = PBXBuildFile; fileRef = 84E4F7CC294883B800DD4CE3 /* ChatViewFactory.swift */; };
/* End PBXBuildFile section */

/* Begin PBXFileReference section */
		84E4F79C294879F900DD4CE3 /* VideoWithChatUIKit.app */ = {isa = PBXFileReference; explicitFileType = wrapper.application; includeInIndex = 0; path = VideoWithChatUIKit.app; sourceTree = BUILT_PRODUCTS_DIR; };
		84E4F79F294879F900DD4CE3 /* AppDelegate.swift */ = {isa = PBXFileReference; lastKnownFileType = sourcecode.swift; path = AppDelegate.swift; sourceTree = "<group>"; };
		84E4F7A1294879F900DD4CE3 /* SceneDelegate.swift */ = {isa = PBXFileReference; lastKnownFileType = sourcecode.swift; path = SceneDelegate.swift; sourceTree = "<group>"; };
		84E4F7A8294879FE00DD4CE3 /* Assets.xcassets */ = {isa = PBXFileReference; lastKnownFileType = folder.assetcatalog; path = Assets.xcassets; sourceTree = "<group>"; };
		84E4F7AB294879FE00DD4CE3 /* Base */ = {isa = PBXFileReference; lastKnownFileType = file.storyboard; name = Base; path = Base.lproj/LaunchScreen.storyboard; sourceTree = "<group>"; };
		84E4F7AD294879FE00DD4CE3 /* Info.plist */ = {isa = PBXFileReference; lastKnownFileType = text.plist.xml; path = Info.plist; sourceTree = "<group>"; };
		84E4F7B329487A4300DD4CE3 /* stream-video-swift */ = {isa = PBXFileReference; lastKnownFileType = wrapper; name = "stream-video-swift"; path = "../../stream-video-swift"; sourceTree = "<group>"; };
		84E4F7B429487BA700DD4CE3 /* StreamWrapper.swift */ = {isa = PBXFileReference; lastKnownFileType = sourcecode.swift; path = StreamWrapper.swift; sourceTree = "<group>"; };
		84E4F7B929487C3600DD4CE3 /* UserCredentials.swift */ = {isa = PBXFileReference; lastKnownFileType = sourcecode.swift; path = UserCredentials.swift; sourceTree = "<group>"; };
		84E4F7BB29487CB300DD4CE3 /* HomeViewController.swift */ = {isa = PBXFileReference; lastKnownFileType = sourcecode.swift; path = HomeViewController.swift; sourceTree = "<group>"; };
		84E4F7C429487EAC00DD4CE3 /* CallViewHelper.swift */ = {isa = PBXFileReference; lastKnownFileType = sourcecode.swift; path = CallViewHelper.swift; sourceTree = "<group>"; };
		84E4F7C6294881C900DD4CE3 /* CallChatViewController.swift */ = {isa = PBXFileReference; lastKnownFileType = sourcecode.swift; path = CallChatViewController.swift; sourceTree = "<group>"; };
		84E4F7C82948831E00DD4CE3 /* ChatCallControls.swift */ = {isa = PBXFileReference; lastKnownFileType = sourcecode.swift; path = ChatCallControls.swift; sourceTree = "<group>"; };
		84E4F7CA2948834E00DD4CE3 /* ChatHelper.swift */ = {isa = PBXFileReference; lastKnownFileType = sourcecode.swift; path = ChatHelper.swift; sourceTree = "<group>"; };
		84E4F7CC294883B800DD4CE3 /* ChatViewFactory.swift */ = {isa = PBXFileReference; lastKnownFileType = sourcecode.swift; path = ChatViewFactory.swift; sourceTree = "<group>"; };
/* End PBXFileReference section */

/* Begin PBXFrameworksBuildPhase section */
		84E4F799294879F900DD4CE3 /* Frameworks */ = {
			isa = PBXFrameworksBuildPhase;
			buildActionMask = 2147483647;
			files = (
				84E4F7C129487E6200DD4CE3 /* StreamVideoSwiftUI in Frameworks */,
				84E4F7C329487E6200DD4CE3 /* StreamVideoUIKit in Frameworks */,
				84E4F7BF29487E6200DD4CE3 /* StreamVideo in Frameworks */,
				84E4F7B829487BE000DD4CE3 /* StreamChatSwiftUI in Frameworks */,
			);
			runOnlyForDeploymentPostprocessing = 0;
		};
/* End PBXFrameworksBuildPhase section */

/* Begin PBXGroup section */
		84E4F793294879F900DD4CE3 = {
			isa = PBXGroup;
			children = (
				84E4F7B329487A4300DD4CE3 /* stream-video-swift */,
				84E4F79E294879F900DD4CE3 /* VideoWithChatUIKit */,
				84E4F79D294879F900DD4CE3 /* Products */,
				84E4F7BD29487E6200DD4CE3 /* Frameworks */,
			);
			sourceTree = "<group>";
		};
		84E4F79D294879F900DD4CE3 /* Products */ = {
			isa = PBXGroup;
			children = (
				84E4F79C294879F900DD4CE3 /* VideoWithChatUIKit.app */,
			);
			name = Products;
			sourceTree = "<group>";
		};
		84E4F79E294879F900DD4CE3 /* VideoWithChatUIKit */ = {
			isa = PBXGroup;
			children = (
				84E4F7B429487BA700DD4CE3 /* StreamWrapper.swift */,
				84E4F79F294879F900DD4CE3 /* AppDelegate.swift */,
				84E4F7A1294879F900DD4CE3 /* SceneDelegate.swift */,
				84E4F7B929487C3600DD4CE3 /* UserCredentials.swift */,
				84E4F7BB29487CB300DD4CE3 /* HomeViewController.swift */,
				84E4F7C6294881C900DD4CE3 /* CallChatViewController.swift */,
				84E4F7C429487EAC00DD4CE3 /* CallViewHelper.swift */,
				84E4F7CA2948834E00DD4CE3 /* ChatHelper.swift */,
				84E4F7C82948831E00DD4CE3 /* ChatCallControls.swift */,
				84E4F7CC294883B800DD4CE3 /* ChatViewFactory.swift */,
				84E4F7A8294879FE00DD4CE3 /* Assets.xcassets */,
				84E4F7AA294879FE00DD4CE3 /* LaunchScreen.storyboard */,
				84E4F7AD294879FE00DD4CE3 /* Info.plist */,
			);
			path = VideoWithChatUIKit;
			sourceTree = "<group>";
		};
		84E4F7BD29487E6200DD4CE3 /* Frameworks */ = {
			isa = PBXGroup;
			children = (
			);
			name = Frameworks;
			sourceTree = "<group>";
		};
/* End PBXGroup section */

/* Begin PBXNativeTarget section */
		84E4F79B294879F900DD4CE3 /* VideoWithChatUIKit */ = {
			isa = PBXNativeTarget;
			buildConfigurationList = 84E4F7B0294879FE00DD4CE3 /* Build configuration list for PBXNativeTarget "VideoWithChatUIKit" */;
			buildPhases = (
				84E4F798294879F900DD4CE3 /* Sources */,
				84E4F799294879F900DD4CE3 /* Frameworks */,
				84E4F79A294879F900DD4CE3 /* Resources */,
			);
			buildRules = (
			);
			dependencies = (
			);
			name = VideoWithChatUIKit;
			packageProductDependencies = (
				84E4F7B729487BE000DD4CE3 /* StreamChatSwiftUI */,
				84E4F7BE29487E6200DD4CE3 /* StreamVideo */,
				84E4F7C029487E6200DD4CE3 /* StreamVideoSwiftUI */,
				84E4F7C229487E6200DD4CE3 /* StreamVideoUIKit */,
			);
			productName = VideoWithChatUIKit;
			productReference = 84E4F79C294879F900DD4CE3 /* VideoWithChatUIKit.app */;
			productType = "com.apple.product-type.application";
		};
/* End PBXNativeTarget section */

/* Begin PBXProject section */
		84E4F794294879F900DD4CE3 /* Project object */ = {
			isa = PBXProject;
			attributes = {
				BuildIndependentTargetsInParallel = 1;
				LastSwiftUpdateCheck = 1420;
				LastUpgradeCheck = 1420;
				TargetAttributes = {
					84E4F79B294879F900DD4CE3 = {
						CreatedOnToolsVersion = 14.2;
					};
				};
			};
			buildConfigurationList = 84E4F797294879F900DD4CE3 /* Build configuration list for PBXProject "VideoWithChatUIKit" */;
			compatibilityVersion = "Xcode 14.0";
			developmentRegion = en;
			hasScannedForEncodings = 0;
			knownRegions = (
				en,
				Base,
			);
			mainGroup = 84E4F793294879F900DD4CE3;
			packageReferences = (
				84E4F7B629487BE000DD4CE3 /* XCRemoteSwiftPackageReference "stream-chat-swiftui" */,
			);
			productRefGroup = 84E4F79D294879F900DD4CE3 /* Products */;
			projectDirPath = "";
			projectRoot = "";
			targets = (
				84E4F79B294879F900DD4CE3 /* VideoWithChatUIKit */,
			);
		};
/* End PBXProject section */

/* Begin PBXResourcesBuildPhase section */
		84E4F79A294879F900DD4CE3 /* Resources */ = {
			isa = PBXResourcesBuildPhase;
			buildActionMask = 2147483647;
			files = (
				84E4F7AC294879FE00DD4CE3 /* LaunchScreen.storyboard in Resources */,
				84E4F7A9294879FE00DD4CE3 /* Assets.xcassets in Resources */,
			);
			runOnlyForDeploymentPostprocessing = 0;
		};
/* End PBXResourcesBuildPhase section */

/* Begin PBXSourcesBuildPhase section */
		84E4F798294879F900DD4CE3 /* Sources */ = {
			isa = PBXSourcesBuildPhase;
			buildActionMask = 2147483647;
			files = (
				84E4F7BC29487CB300DD4CE3 /* HomeViewController.swift in Sources */,
				84E4F7CD294883B800DD4CE3 /* ChatViewFactory.swift in Sources */,
				84E4F7CB2948834E00DD4CE3 /* ChatHelper.swift in Sources */,
				84E4F7C92948831E00DD4CE3 /* ChatCallControls.swift in Sources */,
				84E4F7A0294879F900DD4CE3 /* AppDelegate.swift in Sources */,
				84E4F7A2294879F900DD4CE3 /* SceneDelegate.swift in Sources */,
				84E4F7B529487BA700DD4CE3 /* StreamWrapper.swift in Sources */,
				84E4F7C529487EAC00DD4CE3 /* CallViewHelper.swift in Sources */,
				84E4F7BA29487C3600DD4CE3 /* UserCredentials.swift in Sources */,
				84E4F7C7294881C900DD4CE3 /* CallChatViewController.swift in Sources */,
			);
			runOnlyForDeploymentPostprocessing = 0;
		};
/* End PBXSourcesBuildPhase section */

/* Begin PBXVariantGroup section */
		84E4F7AA294879FE00DD4CE3 /* LaunchScreen.storyboard */ = {
			isa = PBXVariantGroup;
			children = (
				84E4F7AB294879FE00DD4CE3 /* Base */,
			);
			name = LaunchScreen.storyboard;
			sourceTree = "<group>";
		};
/* End PBXVariantGroup section */

/* Begin XCBuildConfiguration section */
		84E4F7AE294879FE00DD4CE3 /* Debug */ = {
			isa = XCBuildConfiguration;
			buildSettings = {
				ALWAYS_SEARCH_USER_PATHS = NO;
				CLANG_ANALYZER_NONNULL = YES;
				CLANG_ANALYZER_NUMBER_OBJECT_CONVERSION = YES_AGGRESSIVE;
				CLANG_CXX_LANGUAGE_STANDARD = "gnu++20";
				CLANG_ENABLE_MODULES = YES;
				CLANG_ENABLE_OBJC_ARC = YES;
				CLANG_ENABLE_OBJC_WEAK = YES;
				CLANG_WARN_BLOCK_CAPTURE_AUTORELEASING = YES;
				CLANG_WARN_BOOL_CONVERSION = YES;
				CLANG_WARN_COMMA = YES;
				CLANG_WARN_CONSTANT_CONVERSION = YES;
				CLANG_WARN_DEPRECATED_OBJC_IMPLEMENTATIONS = YES;
				CLANG_WARN_DIRECT_OBJC_ISA_USAGE = YES_ERROR;
				CLANG_WARN_DOCUMENTATION_COMMENTS = YES;
				CLANG_WARN_EMPTY_BODY = YES;
				CLANG_WARN_ENUM_CONVERSION = YES;
				CLANG_WARN_INFINITE_RECURSION = YES;
				CLANG_WARN_INT_CONVERSION = YES;
				CLANG_WARN_NON_LITERAL_NULL_CONVERSION = YES;
				CLANG_WARN_OBJC_IMPLICIT_RETAIN_SELF = YES;
				CLANG_WARN_OBJC_LITERAL_CONVERSION = YES;
				CLANG_WARN_OBJC_ROOT_CLASS = YES_ERROR;
				CLANG_WARN_QUOTED_INCLUDE_IN_FRAMEWORK_HEADER = YES;
				CLANG_WARN_RANGE_LOOP_ANALYSIS = YES;
				CLANG_WARN_STRICT_PROTOTYPES = YES;
				CLANG_WARN_SUSPICIOUS_MOVE = YES;
				CLANG_WARN_UNGUARDED_AVAILABILITY = YES_AGGRESSIVE;
				CLANG_WARN_UNREACHABLE_CODE = YES;
				CLANG_WARN__DUPLICATE_METHOD_MATCH = YES;
				COPY_PHASE_STRIP = NO;
				DEBUG_INFORMATION_FORMAT = dwarf;
				ENABLE_STRICT_OBJC_MSGSEND = YES;
				ENABLE_TESTABILITY = YES;
				GCC_C_LANGUAGE_STANDARD = gnu11;
				GCC_DYNAMIC_NO_PIC = NO;
				GCC_NO_COMMON_BLOCKS = YES;
				GCC_OPTIMIZATION_LEVEL = 0;
				GCC_PREPROCESSOR_DEFINITIONS = (
					"DEBUG=1",
					"$(inherited)",
				);
				GCC_WARN_64_TO_32_BIT_CONVERSION = YES;
				GCC_WARN_ABOUT_RETURN_TYPE = YES_ERROR;
				GCC_WARN_UNDECLARED_SELECTOR = YES;
				GCC_WARN_UNINITIALIZED_AUTOS = YES_AGGRESSIVE;
				GCC_WARN_UNUSED_FUNCTION = YES;
				GCC_WARN_UNUSED_VARIABLE = YES;
				IPHONEOS_DEPLOYMENT_TARGET = 14.0;
				MTL_ENABLE_DEBUG_INFO = INCLUDE_SOURCE;
				MTL_FAST_MATH = YES;
				ONLY_ACTIVE_ARCH = YES;
				SDKROOT = iphoneos;
				SWIFT_ACTIVE_COMPILATION_CONDITIONS = DEBUG;
				SWIFT_OPTIMIZATION_LEVEL = "-Onone";
			};
			name = Debug;
		};
		84E4F7AF294879FE00DD4CE3 /* Release */ = {
			isa = XCBuildConfiguration;
			buildSettings = {
				ALWAYS_SEARCH_USER_PATHS = NO;
				CLANG_ANALYZER_NONNULL = YES;
				CLANG_ANALYZER_NUMBER_OBJECT_CONVERSION = YES_AGGRESSIVE;
				CLANG_CXX_LANGUAGE_STANDARD = "gnu++20";
				CLANG_ENABLE_MODULES = YES;
				CLANG_ENABLE_OBJC_ARC = YES;
				CLANG_ENABLE_OBJC_WEAK = YES;
				CLANG_WARN_BLOCK_CAPTURE_AUTORELEASING = YES;
				CLANG_WARN_BOOL_CONVERSION = YES;
				CLANG_WARN_COMMA = YES;
				CLANG_WARN_CONSTANT_CONVERSION = YES;
				CLANG_WARN_DEPRECATED_OBJC_IMPLEMENTATIONS = YES;
				CLANG_WARN_DIRECT_OBJC_ISA_USAGE = YES_ERROR;
				CLANG_WARN_DOCUMENTATION_COMMENTS = YES;
				CLANG_WARN_EMPTY_BODY = YES;
				CLANG_WARN_ENUM_CONVERSION = YES;
				CLANG_WARN_INFINITE_RECURSION = YES;
				CLANG_WARN_INT_CONVERSION = YES;
				CLANG_WARN_NON_LITERAL_NULL_CONVERSION = YES;
				CLANG_WARN_OBJC_IMPLICIT_RETAIN_SELF = YES;
				CLANG_WARN_OBJC_LITERAL_CONVERSION = YES;
				CLANG_WARN_OBJC_ROOT_CLASS = YES_ERROR;
				CLANG_WARN_QUOTED_INCLUDE_IN_FRAMEWORK_HEADER = YES;
				CLANG_WARN_RANGE_LOOP_ANALYSIS = YES;
				CLANG_WARN_STRICT_PROTOTYPES = YES;
				CLANG_WARN_SUSPICIOUS_MOVE = YES;
				CLANG_WARN_UNGUARDED_AVAILABILITY = YES_AGGRESSIVE;
				CLANG_WARN_UNREACHABLE_CODE = YES;
				CLANG_WARN__DUPLICATE_METHOD_MATCH = YES;
				COPY_PHASE_STRIP = NO;
				DEBUG_INFORMATION_FORMAT = "dwarf-with-dsym";
				ENABLE_NS_ASSERTIONS = NO;
				ENABLE_STRICT_OBJC_MSGSEND = YES;
				GCC_C_LANGUAGE_STANDARD = gnu11;
				GCC_NO_COMMON_BLOCKS = YES;
				GCC_WARN_64_TO_32_BIT_CONVERSION = YES;
				GCC_WARN_ABOUT_RETURN_TYPE = YES_ERROR;
				GCC_WARN_UNDECLARED_SELECTOR = YES;
				GCC_WARN_UNINITIALIZED_AUTOS = YES_AGGRESSIVE;
				GCC_WARN_UNUSED_FUNCTION = YES;
				GCC_WARN_UNUSED_VARIABLE = YES;
				IPHONEOS_DEPLOYMENT_TARGET = 14.0;
				MTL_ENABLE_DEBUG_INFO = NO;
				MTL_FAST_MATH = YES;
				SDKROOT = iphoneos;
				SWIFT_COMPILATION_MODE = wholemodule;
				SWIFT_OPTIMIZATION_LEVEL = "-O";
				VALIDATE_PRODUCT = YES;
			};
			name = Release;
		};
		84E4F7B1294879FE00DD4CE3 /* Debug */ = {
			isa = XCBuildConfiguration;
			buildSettings = {
				ASSETCATALOG_COMPILER_APPICON_NAME = AppIcon;
				ASSETCATALOG_COMPILER_GLOBAL_ACCENT_COLOR_NAME = AccentColor;
				CODE_SIGN_STYLE = Automatic;
				CURRENT_PROJECT_VERSION = 1;
				DEVELOPMENT_TEAM = EHV7XZLAHA;
				GENERATE_INFOPLIST_FILE = YES;
				INFOPLIST_FILE = VideoWithChatUIKit/Info.plist;
				INFOPLIST_KEY_UIApplicationSupportsIndirectInputEvents = YES;
				INFOPLIST_KEY_UILaunchStoryboardName = LaunchScreen;
				INFOPLIST_KEY_UISupportedInterfaceOrientations_iPad = "UIInterfaceOrientationPortrait UIInterfaceOrientationPortraitUpsideDown UIInterfaceOrientationLandscapeLeft UIInterfaceOrientationLandscapeRight";
				INFOPLIST_KEY_UISupportedInterfaceOrientations_iPhone = "UIInterfaceOrientationPortrait UIInterfaceOrientationLandscapeLeft UIInterfaceOrientationLandscapeRight";
				IPHONEOS_DEPLOYMENT_TARGET = 14.0;
				LD_RUNPATH_SEARCH_PATHS = (
					"$(inherited)",
					"@executable_path/Frameworks",
				);
				MARKETING_VERSION = 1.0;
				PRODUCT_BUNDLE_IDENTIFIER = io.getstream.iOS.VideoWithChatUIKit;
				PRODUCT_NAME = "$(TARGET_NAME)";
				SWIFT_EMIT_LOC_STRINGS = YES;
				SWIFT_VERSION = 5.0;
				TARGETED_DEVICE_FAMILY = "1,2";
			};
			name = Debug;
		};
		84E4F7B2294879FE00DD4CE3 /* Release */ = {
			isa = XCBuildConfiguration;
			buildSettings = {
				ASSETCATALOG_COMPILER_APPICON_NAME = AppIcon;
				ASSETCATALOG_COMPILER_GLOBAL_ACCENT_COLOR_NAME = AccentColor;
				CODE_SIGN_STYLE = Automatic;
				CURRENT_PROJECT_VERSION = 1;
				DEVELOPMENT_TEAM = EHV7XZLAHA;
				GENERATE_INFOPLIST_FILE = YES;
				INFOPLIST_FILE = VideoWithChatUIKit/Info.plist;
				INFOPLIST_KEY_UIApplicationSupportsIndirectInputEvents = YES;
				INFOPLIST_KEY_UILaunchStoryboardName = LaunchScreen;
				INFOPLIST_KEY_UISupportedInterfaceOrientations_iPad = "UIInterfaceOrientationPortrait UIInterfaceOrientationPortraitUpsideDown UIInterfaceOrientationLandscapeLeft UIInterfaceOrientationLandscapeRight";
				INFOPLIST_KEY_UISupportedInterfaceOrientations_iPhone = "UIInterfaceOrientationPortrait UIInterfaceOrientationLandscapeLeft UIInterfaceOrientationLandscapeRight";
				IPHONEOS_DEPLOYMENT_TARGET = 14.0;
				LD_RUNPATH_SEARCH_PATHS = (
					"$(inherited)",
					"@executable_path/Frameworks",
				);
				MARKETING_VERSION = 1.0;
				PRODUCT_BUNDLE_IDENTIFIER = io.getstream.iOS.VideoWithChatUIKit;
				PRODUCT_NAME = "$(TARGET_NAME)";
				SWIFT_EMIT_LOC_STRINGS = YES;
				SWIFT_VERSION = 5.0;
				TARGETED_DEVICE_FAMILY = "1,2";
			};
			name = Release;
		};
/* End XCBuildConfiguration section */

/* Begin XCConfigurationList section */
		84E4F797294879F900DD4CE3 /* Build configuration list for PBXProject "VideoWithChatUIKit" */ = {
			isa = XCConfigurationList;
			buildConfigurations = (
				84E4F7AE294879FE00DD4CE3 /* Debug */,
				84E4F7AF294879FE00DD4CE3 /* Release */,
			);
			defaultConfigurationIsVisible = 0;
			defaultConfigurationName = Release;
		};
		84E4F7B0294879FE00DD4CE3 /* Build configuration list for PBXNativeTarget "VideoWithChatUIKit" */ = {
			isa = XCConfigurationList;
			buildConfigurations = (
				84E4F7B1294879FE00DD4CE3 /* Debug */,
				84E4F7B2294879FE00DD4CE3 /* Release */,
			);
			defaultConfigurationIsVisible = 0;
			defaultConfigurationName = Release;
		};
/* End XCConfigurationList section */

/* Begin XCRemoteSwiftPackageReference section */
		84E4F7B629487BE000DD4CE3 /* XCRemoteSwiftPackageReference "stream-chat-swiftui" */ = {
			isa = XCRemoteSwiftPackageReference;
			repositoryURL = "https://github.com/GetStream/stream-chat-swiftui.git";
			requirement = {
				branch = main;
				kind = branch;
			};
		};
/* End XCRemoteSwiftPackageReference section */

/* Begin XCSwiftPackageProductDependency section */
		84E4F7B729487BE000DD4CE3 /* StreamChatSwiftUI */ = {
			isa = XCSwiftPackageProductDependency;
			package = 84E4F7B629487BE000DD4CE3 /* XCRemoteSwiftPackageReference "stream-chat-swiftui" */;
			productName = StreamChatSwiftUI;
		};
		84E4F7BE29487E6200DD4CE3 /* StreamVideo */ = {
			isa = XCSwiftPackageProductDependency;
			productName = StreamVideo;
		};
		84E4F7C029487E6200DD4CE3 /* StreamVideoSwiftUI */ = {
			isa = XCSwiftPackageProductDependency;
			productName = StreamVideoSwiftUI;
		};
		84E4F7C229487E6200DD4CE3 /* StreamVideoUIKit */ = {
			isa = XCSwiftPackageProductDependency;
			productName = StreamVideoUIKit;
		};
/* End XCSwiftPackageProductDependency section */
	};
	rootObject = 84E4F794294879F900DD4CE3 /* Project object */;
}
